// !$*UTF8*$!
{
	archiveVersion = 1;
	classes = {
	};
	objectVersion = 46;
	objects = {

/* Begin PBXBuildFile section */
		680CC26A1CAA9CCD006D4A61 /* RecommendationsForFromController.m in Sources */ = {isa = PBXBuildFile; fileRef = 680CC2691CAA9CCD006D4A61 /* RecommendationsForFromController.m */; };
		680CC2761CAB7AEA006D4A61 /* ItemsListController.m in Sources */ = {isa = PBXBuildFile; fileRef = 680CC2751CAB7AEA006D4A61 /* ItemsListController.m */; };
		680CC27D1CAB826C006D4A61 /* RecommendationsForFromResultController.xib in Resources */ = {isa = PBXBuildFile; fileRef = 680CC27C1CAB826C006D4A61 /* RecommendationsForFromResultController.xib */; };
		680CC27F1CAB828A006D4A61 /* RecommendationsForFromResultController.m in Sources */ = {isa = PBXBuildFile; fileRef = 680CC27E1CAB828A006D4A61 /* RecommendationsForFromResultController.m */; };
		680CC2821CAB914B006D4A61 /* RecommendationsUtils.m in Sources */ = {isa = PBXBuildFile; fileRef = 680CC2811CAB914B006D4A61 /* RecommendationsUtils.m */; };
		681B12311CA53E30000FB01A /* Icons.xcassets in Resources */ = {isa = PBXBuildFile; fileRef = 681B12301CA53E30000FB01A /* Icons.xcassets */; };
		681B12331CA55AFD000FB01A /* silence.wav in Resources */ = {isa = PBXBuildFile; fileRef = 681B12321CA55AFD000FB01A /* silence.wav */; };
		681B12351CA57406000FB01A /* KeepAliver.m in Sources */ = {isa = PBXBuildFile; fileRef = 681B12341CA57406000FB01A /* KeepAliver.m */; };
		687073361BDABA03000F6013 /* ASIHTTPRequest in Resources */ = {isa = PBXBuildFile; fileRef = 6870732D1BDABA03000F6013 /* ASIHTTPRequest */; };
		687073371BDABA03000F6013 /* CocoaAsyncSocket in Resources */ = {isa = PBXBuildFile; fileRef = 6870732E1BDABA03000F6013 /* CocoaAsyncSocket */; };
		687073381BDABA03000F6013 /* en.lproj in Resources */ = {isa = PBXBuildFile; fileRef = 6870732F1BDABA03000F6013 /* en.lproj */; };
		687073391BDABA03000F6013 /* FMEngine in Resources */ = {isa = PBXBuildFile; fileRef = 687073301BDABA03000F6013 /* FMEngine */; };
		6870733C1BDABA03000F6013 /* SearchController.m in Sources */ = {isa = PBXBuildFile; fileRef = 687073341BDABA03000F6013 /* SearchController.m */; };
		6870733D1BDABA03000F6013 /* SearchController.xib in Resources */ = {isa = PBXBuildFile; fileRef = 687073351BDABA03000F6013 /* SearchController.xib */; };
		84075B661A3086A3001E395C /* RecentsController.m in Sources */ = {isa = PBXBuildFile; fileRef = 84075B641A3086A3001E395C /* RecentsController.m */; };
		84075B671A3086A3001E395C /* RecentsController.xib in Resources */ = {isa = PBXBuildFile; fileRef = 84075B651A3086A3001E395C /* RecentsController.xib */; };
		84075B6A1A3094AF001E395C /* MusicTableService.m in Sources */ = {isa = PBXBuildFile; fileRef = 84075B691A3094AF001E395C /* MusicTableService.m */; };
		841F38A91A31BD050046CDD2 /* AssetsLibrary.framework in Frameworks */ = {isa = PBXBuildFile; fileRef = 841F38A81A31BD050046CDD2 /* AssetsLibrary.framework */; };
		841F38AB1A31BD5A0046CDD2 /* CoreText.framework in Frameworks */ = {isa = PBXBuildFile; fileRef = 841F38AA1A31BD5A0046CDD2 /* CoreText.framework */; };
		841F38AD1A31BD9B0046CDD2 /* QuickLook.framework in Frameworks */ = {isa = PBXBuildFile; fileRef = 841F38AC1A31BD9B0046CDD2 /* QuickLook.framework */; };
		84943CBC17CBB33A00A1CD17 /* Icon.png in Resources */ = {isa = PBXBuildFile; fileRef = 84943CBA17CBB33A00A1CD17 /* Icon.png */; };
		84943CBD17CBB33A00A1CD17 /* Icon@2x.png in Resources */ = {isa = PBXBuildFile; fileRef = 84943CBB17CBB33A00A1CD17 /* Icon@2x.png */; };
		84B5D20717CBB730007FB471 /* Icon-72.png in Resources */ = {isa = PBXBuildFile; fileRef = 84B5D20017CBB730007FB471 /* Icon-72.png */; };
		84B5D20817CBB730007FB471 /* Icon-72@2x.png in Resources */ = {isa = PBXBuildFile; fileRef = 84B5D20117CBB730007FB471 /* Icon-72@2x.png */; };
		84B5D20917CBB730007FB471 /* Icon-Small-50.png in Resources */ = {isa = PBXBuildFile; fileRef = 84B5D20217CBB730007FB471 /* Icon-Small-50.png */; };
		84B5D20A17CBB730007FB471 /* Icon-Small-50@2x.png in Resources */ = {isa = PBXBuildFile; fileRef = 84B5D20317CBB730007FB471 /* Icon-Small-50@2x.png */; };
		84B5D20B17CBB730007FB471 /* Icon-Small.png in Resources */ = {isa = PBXBuildFile; fileRef = 84B5D20417CBB730007FB471 /* Icon-Small.png */; };
		84B5D20C17CBB730007FB471 /* Icon-Small@2x.png in Resources */ = {isa = PBXBuildFile; fileRef = 84B5D20517CBB730007FB471 /* Icon-Small@2x.png */; };
		84B5D20D17CBB730007FB471 /* iTunesArtwork.png in Resources */ = {isa = PBXBuildFile; fileRef = 84B5D20617CBB730007FB471 /* iTunesArtwork.png */; };
		84B5D20F17CBB739007FB471 /* iTunesArtwork@2x.png in Resources */ = {isa = PBXBuildFile; fileRef = 84B5D20E17CBB739007FB471 /* iTunesArtwork@2x.png */; };
		84C10BEB1782E08E004220BC /* UIKit.framework in Frameworks */ = {isa = PBXBuildFile; fileRef = 84C10BEA1782E08D004220BC /* UIKit.framework */; };
		84C10BED1782E08E004220BC /* Foundation.framework in Frameworks */ = {isa = PBXBuildFile; fileRef = 84C10BEC1782E08E004220BC /* Foundation.framework */; };
		84C10BEF1782E08E004220BC /* CoreGraphics.framework in Frameworks */ = {isa = PBXBuildFile; fileRef = 84C10BEE1782E08E004220BC /* CoreGraphics.framework */; };
		84C10BF51782E08E004220BC /* InfoPlist.strings in Resources */ = {isa = PBXBuildFile; fileRef = 84C10BF31782E08E004220BC /* InfoPlist.strings */; };
		84C10BF71782E08E004220BC /* main.m in Sources */ = {isa = PBXBuildFile; fileRef = 84C10BF61782E08E004220BC /* main.m */; };
		84C10BFB1782E08E004220BC /* AppDelegate.m in Sources */ = {isa = PBXBuildFile; fileRef = 84C10BFA1782E08E004220BC /* AppDelegate.m */; };
		84C10BFD1782E08E004220BC /* Default.png in Resources */ = {isa = PBXBuildFile; fileRef = 84C10BFC1782E08E004220BC /* Default.png */; };
		84C10BFF1782E08E004220BC /* Default@2x.png in Resources */ = {isa = PBXBuildFile; fileRef = 84C10BFE1782E08E004220BC /* Default@2x.png */; };
		84C10C011782E08E004220BC /* Default-568h@2x.png in Resources */ = {isa = PBXBuildFile; fileRef = 84C10C001782E08E004220BC /* Default-568h@2x.png */; };
		84C10C091782E20A004220BC /* LibraryController.m in Sources */ = {isa = PBXBuildFile; fileRef = 84C10C081782E20A004220BC /* LibraryController.m */; };
		84C29E7D17F8562600D259F3 /* AudioToolbox.framework in Frameworks */ = {isa = PBXBuildFile; fileRef = 84C29E7C17F8562600D259F3 /* AudioToolbox.framework */; };
		84C29E8317F85A1A00D259F3 /* GCDAsyncSocket.m in Sources */ = {isa = PBXBuildFile; fileRef = 84C29E8017F85A1A00D259F3 /* GCDAsyncSocket.m */; };
		84C29E8417F85A1A00D259F3 /* GCDAsyncUdpSocket.m in Sources */ = {isa = PBXBuildFile; fileRef = 84C29E8217F85A1A00D259F3 /* GCDAsyncUdpSocket.m */; };
		84C29E8617F8683000D259F3 /* Security.framework in Frameworks */ = {isa = PBXBuildFile; fileRef = 84C29E8517F8682F00D259F3 /* Security.framework */; };
		84C3099D188A94D20087352B /* libz.dylib in Frameworks */ = {isa = PBXBuildFile; fileRef = 84C3099C188A94D20087352B /* libz.dylib */; };
		84C4CA191785ADA500A95DB9 /* Globals.m in Sources */ = {isa = PBXBuildFile; fileRef = 84C4CA121785ADA500A95DB9 /* Globals.m */; };
		84C4CA1A1785ADA500A95DB9 /* LibraryPageController.m in Sources */ = {isa = PBXBuildFile; fileRef = 84C4CA141785ADA500A95DB9 /* LibraryPageController.m */; };
		84C4CA1B1785ADA500A95DB9 /* LibraryPageController.xib in Resources */ = {isa = PBXBuildFile; fileRef = 84C4CA151785ADA500A95DB9 /* LibraryPageController.xib */; };
		84C4CA1C1785ADA500A95DB9 /* CurrentController.m in Sources */ = {isa = PBXBuildFile; fileRef = 84C4CA171785ADA500A95DB9 /* CurrentController.m */; };
		84C4CA1D1785ADA500A95DB9 /* CurrentController.xib in Resources */ = {isa = PBXBuildFile; fileRef = 84C4CA181785ADA500A95DB9 /* CurrentController.xib */; };
		84C4CA1F1785B1BC00A95DB9 /* MediaPlayer.framework in Frameworks */ = {isa = PBXBuildFile; fileRef = 84C4CA1E1785B1BC00A95DB9 /* MediaPlayer.framework */; };
		84C4CA211785B36E00A95DB9 /* AVFoundation.framework in Frameworks */ = {isa = PBXBuildFile; fileRef = 84C4CA201785B36E00A95DB9 /* AVFoundation.framework */; };
		84C4CA3B1786D71E00A95DB9 /* FMCallback.m in Sources */ = {isa = PBXBuildFile; fileRef = 84C4CA341786D71E00A95DB9 /* FMCallback.m */; };
		84C4CA3C1786D71E00A95DB9 /* FMEngine.m in Sources */ = {isa = PBXBuildFile; fileRef = 84C4CA361786D71E00A95DB9 /* FMEngine.m */; };
		84C4CA3D1786D71E00A95DB9 /* FMEngineURLConnection.m in Sources */ = {isa = PBXBuildFile; fileRef = 84C4CA381786D71E00A95DB9 /* FMEngineURLConnection.m */; };
		84C4CA3E1786D71E00A95DB9 /* NSString+FMEngine.m in Sources */ = {isa = PBXBuildFile; fileRef = 84C4CA3A1786D71E00A95DB9 /* NSString+FMEngine.m */; };
		84C4CA411786D7FB00A95DB9 /* Scrobbler.m in Sources */ = {isa = PBXBuildFile; fileRef = 84C4CA401786D7FB00A95DB9 /* Scrobbler.m */; };
		84C4CA431786F4EB00A95DB9 /* Settings.bundle in Resources */ = {isa = PBXBuildFile; fileRef = 84C4CA421786F4EA00A95DB9 /* Settings.bundle */; };
		84C919C917841B7C00810B88 /* ASIAuthenticationDialog.m in Sources */ = {isa = PBXBuildFile; fileRef = 84C9197217841B7C00810B88 /* ASIAuthenticationDialog.m */; };
		84C919CA17841B7C00810B88 /* ASIDataCompressor.m in Sources */ = {isa = PBXBuildFile; fileRef = 84C9197517841B7C00810B88 /* ASIDataCompressor.m */; };
		84C919CB17841B7C00810B88 /* ASIDataDecompressor.m in Sources */ = {isa = PBXBuildFile; fileRef = 84C9197717841B7C00810B88 /* ASIDataDecompressor.m */; };
		84C919CC17841B7C00810B88 /* ASIDownloadCache.m in Sources */ = {isa = PBXBuildFile; fileRef = 84C9197917841B7C00810B88 /* ASIDownloadCache.m */; };
		84C919CD17841B7C00810B88 /* ASIFormDataRequest.m in Sources */ = {isa = PBXBuildFile; fileRef = 84C9197B17841B7C00810B88 /* ASIFormDataRequest.m */; };
		84C919CE17841B7C00810B88 /* ASIHTTPRequest.m in Sources */ = {isa = PBXBuildFile; fileRef = 84C9197D17841B7C00810B88 /* ASIHTTPRequest.m */; };
		84C919CF17841B7C00810B88 /* ASIInputStream.m in Sources */ = {isa = PBXBuildFile; fileRef = 84C9198117841B7C00810B88 /* ASIInputStream.m */; };
		84C919D017841B7C00810B88 /* ASINetworkQueue.m in Sources */ = {isa = PBXBuildFile; fileRef = 84C9198317841B7C00810B88 /* ASINetworkQueue.m */; };
		84C919EF17841B7C00810B88 /* Reachability.m in Sources */ = {isa = PBXBuildFile; fileRef = 84C919C817841B7C00810B88 /* Reachability.m */; };
		84C919F117841BC600810B88 /* CFNetwork.framework in Frameworks */ = {isa = PBXBuildFile; fileRef = 84C919F017841BC600810B88 /* CFNetwork.framework */; };
		84C919F317841BD600810B88 /* SystemConfiguration.framework in Frameworks */ = {isa = PBXBuildFile; fileRef = 84C919F217841BD600810B88 /* SystemConfiguration.framework */; };
		84C919F517841BE100810B88 /* MobileCoreServices.framework in Frameworks */ = {isa = PBXBuildFile; fileRef = 84C919F417841BE100810B88 /* MobileCoreServices.framework */; };
		84C91A031784255200810B88 /* ioapi.c in Sources */ = {isa = PBXBuildFile; fileRef = 84C919F91784255200810B88 /* ioapi.c */; };
		84C91A041784255200810B88 /* mztools.c in Sources */ = {isa = PBXBuildFile; fileRef = 84C919FB1784255200810B88 /* mztools.c */; };
		84C91A051784255200810B88 /* unzip.c in Sources */ = {isa = PBXBuildFile; fileRef = 84C919FD1784255200810B88 /* unzip.c */; };
		84C91A061784255200810B88 /* zip.c in Sources */ = {isa = PBXBuildFile; fileRef = 84C919FF1784255200810B88 /* zip.c */; };
		84C91A071784255200810B88 /* ZipArchive.mm in Sources */ = {isa = PBXBuildFile; fileRef = 84C91A021784255200810B88 /* ZipArchive.mm */; };
		84C91A0A17856C5500810B88 /* MusicFileManager.m in Sources */ = {isa = PBXBuildFile; fileRef = 84C91A0917856C5500810B88 /* MusicFileManager.m */; };
		84C91A0C178581EF00810B88 /* QuartzCore.framework in Frameworks */ = {isa = PBXBuildFile; fileRef = 84C91A0B178581EF00810B88 /* QuartzCore.framework */; };
		84CE88841AF34C5B00F1129A /* InfoController.xib in Resources */ = {isa = PBXBuildFile; fileRef = 84CE88831AF34C5B00F1129A /* InfoController.xib */; };
		84D38D5A1AC1E0BB007564D3 /* MKNumberBadgeView.m in Sources */ = {isa = PBXBuildFile; fileRef = 84D38D591AC1E0BB007564D3 /* MKNumberBadgeView.m */; };
		84DEA2DC191FC314000F9832 /* InfoController.m in Sources */ = {isa = PBXBuildFile; fileRef = 84DEA2DA191FC314000F9832 /* InfoController.m */; };
		D778B386E0E9FE6B9E6D3204 /* libPods-3G Player.a in Frameworks */ = {isa = PBXBuildFile; fileRef = 07BE9F3D7700BCECBC719C81 /* libPods-3G Player.a */; };
/* End PBXBuildFile section */

/* Begin PBXContainerItemProxy section */
		680CC2701CAA9F65006D4A61 /* PBXContainerItemProxy */ = {
			isa = PBXContainerItemProxy;
			containerPortal = 680CC26B1CAA9F65006D4A61 /* Pods.xcodeproj */;
			proxyType = 2;
			remoteGlobalIDString = 892D1574279D2D96A0920A55432DCF44;
			remoteInfo = "Pods-3G Player";
		};
		680CC2721CAA9F65006D4A61 /* PBXContainerItemProxy */ = {
			isa = PBXContainerItemProxy;
			containerPortal = 680CC26B1CAA9F65006D4A61 /* Pods.xcodeproj */;
			proxyType = 2;
			remoteGlobalIDString = DECD1716D51EC244BEC9702E0E3C962A;
			remoteInfo = XLForm;
		};
/* End PBXContainerItemProxy section */

/* Begin PBXFileReference section */
		07BE9F3D7700BCECBC719C81 /* libPods-3G Player.a */ = {isa = PBXFileReference; explicitFileType = archive.ar; includeInIndex = 0; path = "libPods-3G Player.a"; sourceTree = BUILT_PRODUCTS_DIR; };
		5141AA64DF5664187307807A /* Pods-3G Player.debug.xcconfig */ = {isa = PBXFileReference; includeInIndex = 1; lastKnownFileType = text.xcconfig; name = "Pods-3G Player.debug.xcconfig"; path = "Pods/Target Support Files/Pods-3G Player/Pods-3G Player.debug.xcconfig"; sourceTree = "<group>"; };
		680CC2681CAA9CCD006D4A61 /* RecommendationsForFromController.h */ = {isa = PBXFileReference; fileEncoding = 4; lastKnownFileType = sourcecode.c.h; path = RecommendationsForFromController.h; sourceTree = "<group>"; };
		680CC2691CAA9CCD006D4A61 /* RecommendationsForFromController.m */ = {isa = PBXFileReference; fileEncoding = 4; lastKnownFileType = sourcecode.c.objc; path = RecommendationsForFromController.m; sourceTree = "<group>"; };
		680CC26B1CAA9F65006D4A61 /* Pods.xcodeproj */ = {isa = PBXFileReference; lastKnownFileType = "wrapper.pb-project"; name = Pods.xcodeproj; path = Pods/Pods.xcodeproj; sourceTree = "<group>"; };
		680CC2741CAB7AEA006D4A61 /* ItemsListController.h */ = {isa = PBXFileReference; fileEncoding = 4; lastKnownFileType = sourcecode.c.h; path = ItemsListController.h; sourceTree = "<group>"; };
		680CC2751CAB7AEA006D4A61 /* ItemsListController.m */ = {isa = PBXFileReference; fileEncoding = 4; lastKnownFileType = sourcecode.c.objc; path = ItemsListController.m; sourceTree = "<group>"; };
		680CC2771CAB81B1006D4A61 /* RecommendationsForFromResultController.h */ = {isa = PBXFileReference; lastKnownFileType = sourcecode.c.h; path = RecommendationsForFromResultController.h; sourceTree = "<group>"; };
		680CC27C1CAB826C006D4A61 /* RecommendationsForFromResultController.xib */ = {isa = PBXFileReference; fileEncoding = 4; lastKnownFileType = file.xib; path = RecommendationsForFromResultController.xib; sourceTree = "<group>"; };
		680CC27E1CAB828A006D4A61 /* RecommendationsForFromResultController.m */ = {isa = PBXFileReference; fileEncoding = 4; lastKnownFileType = sourcecode.c.objc; path = RecommendationsForFromResultController.m; sourceTree = "<group>"; };
		680CC2811CAB914B006D4A61 /* RecommendationsUtils.m */ = {isa = PBXFileReference; fileEncoding = 4; lastKnownFileType = sourcecode.c.objc; path = RecommendationsUtils.m; sourceTree = "<group>"; };
		680CC2851CAB915F006D4A61 /* RecommendationsUtils.h */ = {isa = PBXFileReference; lastKnownFileType = sourcecode.c.h; path = RecommendationsUtils.h; sourceTree = "<group>"; };
		681B12301CA53E30000FB01A /* Icons.xcassets */ = {isa = PBXFileReference; lastKnownFileType = folder.assetcatalog; path = Icons.xcassets; sourceTree = "<group>"; };
		681B12321CA55AFD000FB01A /* silence.wav */ = {isa = PBXFileReference; lastKnownFileType = audio.wav; path = silence.wav; sourceTree = "<group>"; };
		681B12341CA57406000FB01A /* KeepAliver.m */ = {isa = PBXFileReference; fileEncoding = 4; lastKnownFileType = sourcecode.c.objc; path = KeepAliver.m; sourceTree = "<group>"; };
		681B12361CA57B2D000FB01A /* KeepAliver.h */ = {isa = PBXFileReference; lastKnownFileType = sourcecode.c.h; path = KeepAliver.h; sourceTree = "<group>"; };
		6870732D1BDABA03000F6013 /* ASIHTTPRequest */ = {isa = PBXFileReference; lastKnownFileType = folder; path = ASIHTTPRequest; sourceTree = "<group>"; };
		6870732E1BDABA03000F6013 /* CocoaAsyncSocket */ = {isa = PBXFileReference; lastKnownFileType = folder; path = CocoaAsyncSocket; sourceTree = "<group>"; };
		6870732F1BDABA03000F6013 /* en.lproj */ = {isa = PBXFileReference; lastKnownFileType = folder; path = en.lproj; sourceTree = "<group>"; };
		687073301BDABA03000F6013 /* FMEngine */ = {isa = PBXFileReference; lastKnownFileType = folder; path = FMEngine; sourceTree = "<group>"; };
		687073331BDABA03000F6013 /* SearchController.h */ = {isa = PBXFileReference; fileEncoding = 4; lastKnownFileType = sourcecode.c.h; path = SearchController.h; sourceTree = "<group>"; };
		687073341BDABA03000F6013 /* SearchController.m */ = {isa = PBXFileReference; fileEncoding = 4; lastKnownFileType = sourcecode.c.objc; path = SearchController.m; sourceTree = "<group>"; };
		687073351BDABA03000F6013 /* SearchController.xib */ = {isa = PBXFileReference; fileEncoding = 4; lastKnownFileType = file.xib; path = SearchController.xib; sourceTree = "<group>"; };
		84075B631A3086A3001E395C /* RecentsController.h */ = {isa = PBXFileReference; fileEncoding = 4; lastKnownFileType = sourcecode.c.h; path = RecentsController.h; sourceTree = "<group>"; };
		84075B641A3086A3001E395C /* RecentsController.m */ = {isa = PBXFileReference; fileEncoding = 4; lastKnownFileType = sourcecode.c.objc; path = RecentsController.m; sourceTree = "<group>"; };
		84075B651A3086A3001E395C /* RecentsController.xib */ = {isa = PBXFileReference; fileEncoding = 4; lastKnownFileType = file.xib; path = RecentsController.xib; sourceTree = "<group>"; };
		84075B681A3094AF001E395C /* MusicTableService.h */ = {isa = PBXFileReference; fileEncoding = 4; lastKnownFileType = sourcecode.c.h; path = MusicTableService.h; sourceTree = "<group>"; };
		84075B691A3094AF001E395C /* MusicTableService.m */ = {isa = PBXFileReference; fileEncoding = 4; lastKnownFileType = sourcecode.c.objc; path = MusicTableService.m; sourceTree = "<group>"; };
		841F38A81A31BD050046CDD2 /* AssetsLibrary.framework */ = {isa = PBXFileReference; lastKnownFileType = wrapper.framework; name = AssetsLibrary.framework; path = System/Library/Frameworks/AssetsLibrary.framework; sourceTree = SDKROOT; };
		841F38AA1A31BD5A0046CDD2 /* CoreText.framework */ = {isa = PBXFileReference; lastKnownFileType = wrapper.framework; name = CoreText.framework; path = System/Library/Frameworks/CoreText.framework; sourceTree = SDKROOT; };
		841F38AC1A31BD9B0046CDD2 /* QuickLook.framework */ = {isa = PBXFileReference; lastKnownFileType = wrapper.framework; name = QuickLook.framework; path = System/Library/Frameworks/QuickLook.framework; sourceTree = SDKROOT; };
		84943CBA17CBB33A00A1CD17 /* Icon.png */ = {isa = PBXFileReference; lastKnownFileType = image.png; path = Icon.png; sourceTree = "<group>"; };
		84943CBB17CBB33A00A1CD17 /* Icon@2x.png */ = {isa = PBXFileReference; lastKnownFileType = image.png; path = "Icon@2x.png"; sourceTree = "<group>"; };
		84B5D20017CBB730007FB471 /* Icon-72.png */ = {isa = PBXFileReference; lastKnownFileType = image.png; path = "Icon-72.png"; sourceTree = "<group>"; };
		84B5D20117CBB730007FB471 /* Icon-72@2x.png */ = {isa = PBXFileReference; lastKnownFileType = image.png; path = "Icon-72@2x.png"; sourceTree = "<group>"; };
		84B5D20217CBB730007FB471 /* Icon-Small-50.png */ = {isa = PBXFileReference; lastKnownFileType = image.png; path = "Icon-Small-50.png"; sourceTree = "<group>"; };
		84B5D20317CBB730007FB471 /* Icon-Small-50@2x.png */ = {isa = PBXFileReference; lastKnownFileType = image.png; path = "Icon-Small-50@2x.png"; sourceTree = "<group>"; };
		84B5D20417CBB730007FB471 /* Icon-Small.png */ = {isa = PBXFileReference; lastKnownFileType = image.png; path = "Icon-Small.png"; sourceTree = "<group>"; };
		84B5D20517CBB730007FB471 /* Icon-Small@2x.png */ = {isa = PBXFileReference; lastKnownFileType = image.png; path = "Icon-Small@2x.png"; sourceTree = "<group>"; };
		84B5D20617CBB730007FB471 /* iTunesArtwork.png */ = {isa = PBXFileReference; lastKnownFileType = image.png; path = iTunesArtwork.png; sourceTree = "<group>"; };
		84B5D20E17CBB739007FB471 /* iTunesArtwork@2x.png */ = {isa = PBXFileReference; lastKnownFileType = image.png; path = "iTunesArtwork@2x.png"; sourceTree = "<group>"; };
		84C10BE71782E08D004220BC /* 3G Player.app */ = {isa = PBXFileReference; explicitFileType = wrapper.application; includeInIndex = 0; path = "3G Player.app"; sourceTree = BUILT_PRODUCTS_DIR; };
		84C10BEA1782E08D004220BC /* UIKit.framework */ = {isa = PBXFileReference; lastKnownFileType = wrapper.framework; name = UIKit.framework; path = System/Library/Frameworks/UIKit.framework; sourceTree = SDKROOT; };
		84C10BEC1782E08E004220BC /* Foundation.framework */ = {isa = PBXFileReference; lastKnownFileType = wrapper.framework; name = Foundation.framework; path = System/Library/Frameworks/Foundation.framework; sourceTree = SDKROOT; };
		84C10BEE1782E08E004220BC /* CoreGraphics.framework */ = {isa = PBXFileReference; lastKnownFileType = wrapper.framework; name = CoreGraphics.framework; path = System/Library/Frameworks/CoreGraphics.framework; sourceTree = SDKROOT; };
		84C10BF21782E08E004220BC /* 3G Player-Info.plist */ = {isa = PBXFileReference; lastKnownFileType = text.plist.xml; path = "3G Player-Info.plist"; sourceTree = "<group>"; };
		84C10BF41782E08E004220BC /* en */ = {isa = PBXFileReference; lastKnownFileType = text.plist.strings; name = en; path = en.lproj/InfoPlist.strings; sourceTree = "<group>"; };
		84C10BF61782E08E004220BC /* main.m */ = {isa = PBXFileReference; lastKnownFileType = sourcecode.c.objc; path = main.m; sourceTree = "<group>"; };
		84C10BF81782E08E004220BC /* 3G Player-Prefix.pch */ = {isa = PBXFileReference; lastKnownFileType = sourcecode.c.h; path = "3G Player-Prefix.pch"; sourceTree = "<group>"; };
		84C10BF91782E08E004220BC /* AppDelegate.h */ = {isa = PBXFileReference; lastKnownFileType = sourcecode.c.h; path = AppDelegate.h; sourceTree = "<group>"; };
		84C10BFA1782E08E004220BC /* AppDelegate.m */ = {isa = PBXFileReference; lastKnownFileType = sourcecode.c.objc; path = AppDelegate.m; sourceTree = "<group>"; };
		84C10BFC1782E08E004220BC /* Default.png */ = {isa = PBXFileReference; lastKnownFileType = image.png; path = Default.png; sourceTree = "<group>"; };
		84C10BFE1782E08E004220BC /* Default@2x.png */ = {isa = PBXFileReference; lastKnownFileType = image.png; path = "Default@2x.png"; sourceTree = "<group>"; };
		84C10C001782E08E004220BC /* Default-568h@2x.png */ = {isa = PBXFileReference; lastKnownFileType = image.png; path = "Default-568h@2x.png"; sourceTree = "<group>"; };
		84C10C071782E20A004220BC /* LibraryController.h */ = {isa = PBXFileReference; fileEncoding = 4; lastKnownFileType = sourcecode.c.h; path = LibraryController.h; sourceTree = "<group>"; };
		84C10C081782E20A004220BC /* LibraryController.m */ = {isa = PBXFileReference; fileEncoding = 4; lastKnownFileType = sourcecode.c.objc; path = LibraryController.m; sourceTree = "<group>"; };
		84C10C151782E72F004220BC /* JSONKit.h */ = {isa = PBXFileReference; fileEncoding = 4; lastKnownFileType = sourcecode.c.h; path = JSONKit.h; sourceTree = "<group>"; };
		84C10C161782E72F004220BC /* JSONKit.m */ = {isa = PBXFileReference; fileEncoding = 4; lastKnownFileType = sourcecode.c.objc; path = JSONKit.m; sourceTree = "<group>"; };
		84C29E7817F855EE00D259F3 /* CoreAudio.framework */ = {isa = PBXFileReference; lastKnownFileType = wrapper.framework; name = CoreAudio.framework; path = System/Library/Frameworks/CoreAudio.framework; sourceTree = SDKROOT; };
		84C29E7C17F8562600D259F3 /* AudioToolbox.framework */ = {isa = PBXFileReference; lastKnownFileType = wrapper.framework; name = AudioToolbox.framework; path = System/Library/Frameworks/AudioToolbox.framework; sourceTree = SDKROOT; };
		84C29E7F17F85A1A00D259F3 /* GCDAsyncSocket.h */ = {isa = PBXFileReference; fileEncoding = 4; lastKnownFileType = sourcecode.c.h; path = GCDAsyncSocket.h; sourceTree = "<group>"; };
		84C29E8017F85A1A00D259F3 /* GCDAsyncSocket.m */ = {isa = PBXFileReference; fileEncoding = 4; lastKnownFileType = sourcecode.c.objc; path = GCDAsyncSocket.m; sourceTree = "<group>"; };
		84C29E8117F85A1A00D259F3 /* GCDAsyncUdpSocket.h */ = {isa = PBXFileReference; fileEncoding = 4; lastKnownFileType = sourcecode.c.h; path = GCDAsyncUdpSocket.h; sourceTree = "<group>"; };
		84C29E8217F85A1A00D259F3 /* GCDAsyncUdpSocket.m */ = {isa = PBXFileReference; fileEncoding = 4; lastKnownFileType = sourcecode.c.objc; path = GCDAsyncUdpSocket.m; sourceTree = "<group>"; };
		84C29E8517F8682F00D259F3 /* Security.framework */ = {isa = PBXFileReference; lastKnownFileType = wrapper.framework; name = Security.framework; path = System/Library/Frameworks/Security.framework; sourceTree = SDKROOT; };
		84C3099C188A94D20087352B /* libz.dylib */ = {isa = PBXFileReference; lastKnownFileType = "compiled.mach-o.dylib"; name = libz.dylib; path = usr/lib/libz.dylib; sourceTree = SDKROOT; };
		84C4CA111785ADA500A95DB9 /* Globals.h */ = {isa = PBXFileReference; fileEncoding = 4; lastKnownFileType = sourcecode.c.h; path = Globals.h; sourceTree = "<group>"; };
		84C4CA121785ADA500A95DB9 /* Globals.m */ = {isa = PBXFileReference; fileEncoding = 4; lastKnownFileType = sourcecode.c.objc; path = Globals.m; sourceTree = "<group>"; };
		84C4CA131785ADA500A95DB9 /* LibraryPageController.h */ = {isa = PBXFileReference; fileEncoding = 4; lastKnownFileType = sourcecode.c.h; path = LibraryPageController.h; sourceTree = "<group>"; };
		84C4CA141785ADA500A95DB9 /* LibraryPageController.m */ = {isa = PBXFileReference; fileEncoding = 4; lastKnownFileType = sourcecode.c.objc; path = LibraryPageController.m; sourceTree = "<group>"; };
		84C4CA151785ADA500A95DB9 /* LibraryPageController.xib */ = {isa = PBXFileReference; fileEncoding = 4; lastKnownFileType = file.xib; path = LibraryPageController.xib; sourceTree = "<group>"; };
		84C4CA161785ADA500A95DB9 /* CurrentController.h */ = {isa = PBXFileReference; fileEncoding = 4; lastKnownFileType = sourcecode.c.h; path = CurrentController.h; sourceTree = "<group>"; };
		84C4CA171785ADA500A95DB9 /* CurrentController.m */ = {isa = PBXFileReference; fileEncoding = 4; lastKnownFileType = sourcecode.c.objc; path = CurrentController.m; sourceTree = "<group>"; };
		84C4CA181785ADA500A95DB9 /* CurrentController.xib */ = {isa = PBXFileReference; fileEncoding = 4; lastKnownFileType = file.xib; path = CurrentController.xib; sourceTree = "<group>"; };
		84C4CA1E1785B1BC00A95DB9 /* MediaPlayer.framework */ = {isa = PBXFileReference; lastKnownFileType = wrapper.framework; name = MediaPlayer.framework; path = System/Library/Frameworks/MediaPlayer.framework; sourceTree = SDKROOT; };
		84C4CA201785B36E00A95DB9 /* AVFoundation.framework */ = {isa = PBXFileReference; lastKnownFileType = wrapper.framework; name = AVFoundation.framework; path = System/Library/Frameworks/AVFoundation.framework; sourceTree = SDKROOT; };
		84C4CA331786D71E00A95DB9 /* FMCallback.h */ = {isa = PBXFileReference; fileEncoding = 4; lastKnownFileType = sourcecode.c.h; path = FMCallback.h; sourceTree = "<group>"; };
		84C4CA341786D71E00A95DB9 /* FMCallback.m */ = {isa = PBXFileReference; fileEncoding = 4; lastKnownFileType = sourcecode.c.objc; path = FMCallback.m; sourceTree = "<group>"; };
		84C4CA351786D71E00A95DB9 /* FMEngine.h */ = {isa = PBXFileReference; fileEncoding = 4; lastKnownFileType = sourcecode.c.h; path = FMEngine.h; sourceTree = "<group>"; };
		84C4CA361786D71E00A95DB9 /* FMEngine.m */ = {isa = PBXFileReference; fileEncoding = 4; lastKnownFileType = sourcecode.c.objc; path = FMEngine.m; sourceTree = "<group>"; };
		84C4CA371786D71E00A95DB9 /* FMEngineURLConnection.h */ = {isa = PBXFileReference; fileEncoding = 4; lastKnownFileType = sourcecode.c.h; path = FMEngineURLConnection.h; sourceTree = "<group>"; };
		84C4CA381786D71E00A95DB9 /* FMEngineURLConnection.m */ = {isa = PBXFileReference; fileEncoding = 4; lastKnownFileType = sourcecode.c.objc; path = FMEngineURLConnection.m; sourceTree = "<group>"; };
		84C4CA391786D71E00A95DB9 /* NSString+FMEngine.h */ = {isa = PBXFileReference; fileEncoding = 4; lastKnownFileType = sourcecode.c.h; path = "NSString+FMEngine.h"; sourceTree = "<group>"; };
		84C4CA3A1786D71E00A95DB9 /* NSString+FMEngine.m */ = {isa = PBXFileReference; fileEncoding = 4; lastKnownFileType = sourcecode.c.objc; path = "NSString+FMEngine.m"; sourceTree = "<group>"; };
		84C4CA3F1786D7FA00A95DB9 /* Scrobbler.h */ = {isa = PBXFileReference; fileEncoding = 4; lastKnownFileType = sourcecode.c.h; path = Scrobbler.h; sourceTree = "<group>"; };
		84C4CA401786D7FB00A95DB9 /* Scrobbler.m */ = {isa = PBXFileReference; fileEncoding = 4; lastKnownFileType = sourcecode.c.objc; path = Scrobbler.m; sourceTree = "<group>"; };
		84C4CA421786F4EA00A95DB9 /* Settings.bundle */ = {isa = PBXFileReference; lastKnownFileType = "wrapper.plug-in"; path = Settings.bundle; sourceTree = SOURCE_ROOT; };
		84C9197117841B7C00810B88 /* ASIAuthenticationDialog.h */ = {isa = PBXFileReference; fileEncoding = 4; lastKnownFileType = sourcecode.c.h; path = ASIAuthenticationDialog.h; sourceTree = "<group>"; };
		84C9197217841B7C00810B88 /* ASIAuthenticationDialog.m */ = {isa = PBXFileReference; fileEncoding = 4; lastKnownFileType = sourcecode.c.objc; path = ASIAuthenticationDialog.m; sourceTree = "<group>"; };
		84C9197317841B7C00810B88 /* ASICacheDelegate.h */ = {isa = PBXFileReference; fileEncoding = 4; lastKnownFileType = sourcecode.c.h; path = ASICacheDelegate.h; sourceTree = "<group>"; };
		84C9197417841B7C00810B88 /* ASIDataCompressor.h */ = {isa = PBXFileReference; fileEncoding = 4; lastKnownFileType = sourcecode.c.h; path = ASIDataCompressor.h; sourceTree = "<group>"; };
		84C9197517841B7C00810B88 /* ASIDataCompressor.m */ = {isa = PBXFileReference; fileEncoding = 4; lastKnownFileType = sourcecode.c.objc; path = ASIDataCompressor.m; sourceTree = "<group>"; };
		84C9197617841B7C00810B88 /* ASIDataDecompressor.h */ = {isa = PBXFileReference; fileEncoding = 4; lastKnownFileType = sourcecode.c.h; path = ASIDataDecompressor.h; sourceTree = "<group>"; };
		84C9197717841B7C00810B88 /* ASIDataDecompressor.m */ = {isa = PBXFileReference; fileEncoding = 4; lastKnownFileType = sourcecode.c.objc; path = ASIDataDecompressor.m; sourceTree = "<group>"; };
		84C9197817841B7C00810B88 /* ASIDownloadCache.h */ = {isa = PBXFileReference; fileEncoding = 4; lastKnownFileType = sourcecode.c.h; path = ASIDownloadCache.h; sourceTree = "<group>"; };
		84C9197917841B7C00810B88 /* ASIDownloadCache.m */ = {isa = PBXFileReference; fileEncoding = 4; lastKnownFileType = sourcecode.c.objc; path = ASIDownloadCache.m; sourceTree = "<group>"; };
		84C9197A17841B7C00810B88 /* ASIFormDataRequest.h */ = {isa = PBXFileReference; fileEncoding = 4; lastKnownFileType = sourcecode.c.h; path = ASIFormDataRequest.h; sourceTree = "<group>"; };
		84C9197B17841B7C00810B88 /* ASIFormDataRequest.m */ = {isa = PBXFileReference; fileEncoding = 4; lastKnownFileType = sourcecode.c.objc; path = ASIFormDataRequest.m; sourceTree = "<group>"; };
		84C9197C17841B7C00810B88 /* ASIHTTPRequest.h */ = {isa = PBXFileReference; fileEncoding = 4; lastKnownFileType = sourcecode.c.h; path = ASIHTTPRequest.h; sourceTree = "<group>"; };
		84C9197D17841B7C00810B88 /* ASIHTTPRequest.m */ = {isa = PBXFileReference; fileEncoding = 4; lastKnownFileType = sourcecode.c.objc; path = ASIHTTPRequest.m; sourceTree = "<group>"; };
		84C9197E17841B7C00810B88 /* ASIHTTPRequestConfig.h */ = {isa = PBXFileReference; fileEncoding = 4; lastKnownFileType = sourcecode.c.h; path = ASIHTTPRequestConfig.h; sourceTree = "<group>"; };
		84C9197F17841B7C00810B88 /* ASIHTTPRequestDelegate.h */ = {isa = PBXFileReference; fileEncoding = 4; lastKnownFileType = sourcecode.c.h; path = ASIHTTPRequestDelegate.h; sourceTree = "<group>"; };
		84C9198017841B7C00810B88 /* ASIInputStream.h */ = {isa = PBXFileReference; fileEncoding = 4; lastKnownFileType = sourcecode.c.h; path = ASIInputStream.h; sourceTree = "<group>"; };
		84C9198117841B7C00810B88 /* ASIInputStream.m */ = {isa = PBXFileReference; fileEncoding = 4; lastKnownFileType = sourcecode.c.objc; path = ASIInputStream.m; sourceTree = "<group>"; };
		84C9198217841B7C00810B88 /* ASINetworkQueue.h */ = {isa = PBXFileReference; fileEncoding = 4; lastKnownFileType = sourcecode.c.h; path = ASINetworkQueue.h; sourceTree = "<group>"; };
		84C9198317841B7C00810B88 /* ASINetworkQueue.m */ = {isa = PBXFileReference; fileEncoding = 4; lastKnownFileType = sourcecode.c.objc; path = ASINetworkQueue.m; sourceTree = "<group>"; };
		84C9198417841B7C00810B88 /* ASIProgressDelegate.h */ = {isa = PBXFileReference; fileEncoding = 4; lastKnownFileType = sourcecode.c.h; path = ASIProgressDelegate.h; sourceTree = "<group>"; };
		84C919C717841B7C00810B88 /* Reachability.h */ = {isa = PBXFileReference; fileEncoding = 4; lastKnownFileType = sourcecode.c.h; path = Reachability.h; sourceTree = "<group>"; };
		84C919C817841B7C00810B88 /* Reachability.m */ = {isa = PBXFileReference; fileEncoding = 4; lastKnownFileType = sourcecode.c.objc; path = Reachability.m; sourceTree = "<group>"; };
		84C919F017841BC600810B88 /* CFNetwork.framework */ = {isa = PBXFileReference; lastKnownFileType = wrapper.framework; name = CFNetwork.framework; path = System/Library/Frameworks/CFNetwork.framework; sourceTree = SDKROOT; };
		84C919F217841BD600810B88 /* SystemConfiguration.framework */ = {isa = PBXFileReference; lastKnownFileType = wrapper.framework; name = SystemConfiguration.framework; path = System/Library/Frameworks/SystemConfiguration.framework; sourceTree = SDKROOT; };
		84C919F417841BE100810B88 /* MobileCoreServices.framework */ = {isa = PBXFileReference; lastKnownFileType = wrapper.framework; name = MobileCoreServices.framework; path = System/Library/Frameworks/MobileCoreServices.framework; sourceTree = SDKROOT; };
		84C919F81784255200810B88 /* crypt.h */ = {isa = PBXFileReference; fileEncoding = 4; lastKnownFileType = sourcecode.c.h; path = crypt.h; sourceTree = "<group>"; };
		84C919F91784255200810B88 /* ioapi.c */ = {isa = PBXFileReference; fileEncoding = 4; lastKnownFileType = sourcecode.c.c; path = ioapi.c; sourceTree = "<group>"; };
		84C919FA1784255200810B88 /* ioapi.h */ = {isa = PBXFileReference; fileEncoding = 4; lastKnownFileType = sourcecode.c.h; path = ioapi.h; sourceTree = "<group>"; };
		84C919FB1784255200810B88 /* mztools.c */ = {isa = PBXFileReference; fileEncoding = 4; lastKnownFileType = sourcecode.c.c; path = mztools.c; sourceTree = "<group>"; };
		84C919FC1784255200810B88 /* mztools.h */ = {isa = PBXFileReference; fileEncoding = 4; lastKnownFileType = sourcecode.c.h; path = mztools.h; sourceTree = "<group>"; };
		84C919FD1784255200810B88 /* unzip.c */ = {isa = PBXFileReference; fileEncoding = 4; lastKnownFileType = sourcecode.c.c; path = unzip.c; sourceTree = "<group>"; };
		84C919FE1784255200810B88 /* unzip.h */ = {isa = PBXFileReference; fileEncoding = 4; lastKnownFileType = sourcecode.c.h; path = unzip.h; sourceTree = "<group>"; };
		84C919FF1784255200810B88 /* zip.c */ = {isa = PBXFileReference; fileEncoding = 4; lastKnownFileType = sourcecode.c.c; path = zip.c; sourceTree = "<group>"; };
		84C91A001784255200810B88 /* zip.h */ = {isa = PBXFileReference; fileEncoding = 4; lastKnownFileType = sourcecode.c.h; path = zip.h; sourceTree = "<group>"; };
		84C91A011784255200810B88 /* ZipArchive.h */ = {isa = PBXFileReference; fileEncoding = 4; lastKnownFileType = sourcecode.c.h; path = ZipArchive.h; sourceTree = "<group>"; };
		84C91A021784255200810B88 /* ZipArchive.mm */ = {isa = PBXFileReference; fileEncoding = 4; lastKnownFileType = sourcecode.cpp.objcpp; path = ZipArchive.mm; sourceTree = "<group>"; };
		84C91A0817856C5500810B88 /* MusicFileManager.h */ = {isa = PBXFileReference; fileEncoding = 4; lastKnownFileType = sourcecode.c.h; path = MusicFileManager.h; sourceTree = "<group>"; };
		84C91A0917856C5500810B88 /* MusicFileManager.m */ = {isa = PBXFileReference; fileEncoding = 4; lastKnownFileType = sourcecode.c.objc; path = MusicFileManager.m; sourceTree = "<group>"; };
		84C91A0B178581EF00810B88 /* QuartzCore.framework */ = {isa = PBXFileReference; lastKnownFileType = wrapper.framework; name = QuartzCore.framework; path = System/Library/Frameworks/QuartzCore.framework; sourceTree = SDKROOT; };
		84CE88831AF34C5B00F1129A /* InfoController.xib */ = {isa = PBXFileReference; fileEncoding = 4; lastKnownFileType = file.xib; path = InfoController.xib; sourceTree = "<group>"; };
		84D38D581AC1E0BB007564D3 /* MKNumberBadgeView.h */ = {isa = PBXFileReference; fileEncoding = 4; lastKnownFileType = sourcecode.c.h; path = MKNumberBadgeView.h; sourceTree = "<group>"; };
		84D38D591AC1E0BB007564D3 /* MKNumberBadgeView.m */ = {isa = PBXFileReference; fileEncoding = 4; lastKnownFileType = sourcecode.c.objc; path = MKNumberBadgeView.m; sourceTree = "<group>"; };
		84DEA2D9191FC314000F9832 /* InfoController.h */ = {isa = PBXFileReference; fileEncoding = 4; lastKnownFileType = sourcecode.c.h; path = InfoController.h; sourceTree = "<group>"; };
		84DEA2DA191FC314000F9832 /* InfoController.m */ = {isa = PBXFileReference; fileEncoding = 4; lastKnownFileType = sourcecode.c.objc; path = InfoController.m; sourceTree = "<group>"; };
		D4ABA411916D45A0D7D0174E /* Pods-3G Player.release.xcconfig */ = {isa = PBXFileReference; includeInIndex = 1; lastKnownFileType = text.xcconfig; name = "Pods-3G Player.release.xcconfig"; path = "Pods/Target Support Files/Pods-3G Player/Pods-3G Player.release.xcconfig"; sourceTree = "<group>"; };
/* End PBXFileReference section */

/* Begin PBXFrameworksBuildPhase section */
		84C10BE41782E08D004220BC /* Frameworks */ = {
			isa = PBXFrameworksBuildPhase;
			buildActionMask = 2147483647;
			files = (
				84C29E8617F8683000D259F3 /* Security.framework in Frameworks */,
				841F38AD1A31BD9B0046CDD2 /* QuickLook.framework in Frameworks */,
				841F38AB1A31BD5A0046CDD2 /* CoreText.framework in Frameworks */,
				84C10BEF1782E08E004220BC /* CoreGraphics.framework in Frameworks */,
				841F38A91A31BD050046CDD2 /* AssetsLibrary.framework in Frameworks */,
				84C3099D188A94D20087352B /* libz.dylib in Frameworks */,
				84C29E7D17F8562600D259F3 /* AudioToolbox.framework in Frameworks */,
				84C4CA211785B36E00A95DB9 /* AVFoundation.framework in Frameworks */,
				84C4CA1F1785B1BC00A95DB9 /* MediaPlayer.framework in Frameworks */,
				84C91A0C178581EF00810B88 /* QuartzCore.framework in Frameworks */,
				84C919F517841BE100810B88 /* MobileCoreServices.framework in Frameworks */,
				84C919F317841BD600810B88 /* SystemConfiguration.framework in Frameworks */,
				84C919F117841BC600810B88 /* CFNetwork.framework in Frameworks */,
				84C10BEB1782E08E004220BC /* UIKit.framework in Frameworks */,
				84C10BED1782E08E004220BC /* Foundation.framework in Frameworks */,
				D778B386E0E9FE6B9E6D3204 /* libPods-3G Player.a in Frameworks */,
			);
			runOnlyForDeploymentPostprocessing = 0;
		};
/* End PBXFrameworksBuildPhase section */

/* Begin PBXGroup section */
		680CC26C1CAA9F65006D4A61 /* Products */ = {
			isa = PBXGroup;
			children = (
				680CC2711CAA9F65006D4A61 /* libPods-3G Player.a */,
				680CC2731CAA9F65006D4A61 /* libXLForm.a */,
			);
			name = Products;
			sourceTree = "<group>";
		};
		84C10BDE1782E08D004220BC = {
			isa = PBXGroup;
			children = (
				84C10BF01782E08E004220BC /* 3G Player */,
				84C10BE91782E08D004220BC /* Frameworks */,
				84C10BE81782E08D004220BC /* Products */,
				B95EF7A301CE5B9811D68DA3 /* Pods */,
			);
			sourceTree = "<group>";
		};
		84C10BE81782E08D004220BC /* Products */ = {
			isa = PBXGroup;
			children = (
				84C10BE71782E08D004220BC /* 3G Player.app */,
			);
			name = Products;
			sourceTree = "<group>";
		};
		84C10BE91782E08D004220BC /* Frameworks */ = {
			isa = PBXGroup;
			children = (
				841F38AC1A31BD9B0046CDD2 /* QuickLook.framework */,
				841F38AA1A31BD5A0046CDD2 /* CoreText.framework */,
				841F38A81A31BD050046CDD2 /* AssetsLibrary.framework */,
				84C3099C188A94D20087352B /* libz.dylib */,
				84C29E8517F8682F00D259F3 /* Security.framework */,
				84C29E7C17F8562600D259F3 /* AudioToolbox.framework */,
				84C29E7817F855EE00D259F3 /* CoreAudio.framework */,
				84C4CA201785B36E00A95DB9 /* AVFoundation.framework */,
				84C4CA1E1785B1BC00A95DB9 /* MediaPlayer.framework */,
				84C91A0B178581EF00810B88 /* QuartzCore.framework */,
				84C919F417841BE100810B88 /* MobileCoreServices.framework */,
				84C919F217841BD600810B88 /* SystemConfiguration.framework */,
				84C919F017841BC600810B88 /* CFNetwork.framework */,
				84C10BEA1782E08D004220BC /* UIKit.framework */,
				84C10BEC1782E08E004220BC /* Foundation.framework */,
				84C10BEE1782E08E004220BC /* CoreGraphics.framework */,
				07BE9F3D7700BCECBC719C81 /* libPods-3G Player.a */,
			);
			name = Frameworks;
			sourceTree = "<group>";
		};
		84C10BF01782E08E004220BC /* 3G Player */ = {
			isa = PBXGroup;
			children = (
				6870732D1BDABA03000F6013 /* ASIHTTPRequest */,
				6870732E1BDABA03000F6013 /* CocoaAsyncSocket */,
				6870732F1BDABA03000F6013 /* en.lproj */,
				687073301BDABA03000F6013 /* FMEngine */,
				681B12301CA53E30000FB01A /* Icons.xcassets */,
				84C4CA111785ADA500A95DB9 /* Globals.h */,
				84C4CA121785ADA500A95DB9 /* Globals.m */,
				84C10BF91782E08E004220BC /* AppDelegate.h */,
				84C10BFA1782E08E004220BC /* AppDelegate.m */,
				84075B681A3094AF001E395C /* MusicTableService.h */,
				84075B691A3094AF001E395C /* MusicTableService.m */,
				84C91A0817856C5500810B88 /* MusicFileManager.h */,
				84C91A0917856C5500810B88 /* MusicFileManager.m */,
				84C4CA3F1786D7FA00A95DB9 /* Scrobbler.h */,
				84C4CA401786D7FB00A95DB9 /* Scrobbler.m */,
				84C4CA161785ADA500A95DB9 /* CurrentController.h */,
				84C4CA171785ADA500A95DB9 /* CurrentController.m */,
				84C4CA181785ADA500A95DB9 /* CurrentController.xib */,
				680CC2681CAA9CCD006D4A61 /* RecommendationsForFromController.h */,
				680CC2691CAA9CCD006D4A61 /* RecommendationsForFromController.m */,
				680CC2771CAB81B1006D4A61 /* RecommendationsForFromResultController.h */,
				680CC27E1CAB828A006D4A61 /* RecommendationsForFromResultController.m */,
				680CC27C1CAB826C006D4A61 /* RecommendationsForFromResultController.xib */,
				680CC2851CAB915F006D4A61 /* RecommendationsUtils.h */,
				680CC2811CAB914B006D4A61 /* RecommendationsUtils.m */,
				680CC2741CAB7AEA006D4A61 /* ItemsListController.h */,
				680CC2751CAB7AEA006D4A61 /* ItemsListController.m */,
				687073331BDABA03000F6013 /* SearchController.h */,
				687073341BDABA03000F6013 /* SearchController.m */,
				687073351BDABA03000F6013 /* SearchController.xib */,
				84C10C071782E20A004220BC /* LibraryController.h */,
				84C10C081782E20A004220BC /* LibraryController.m */,
				84C4CA131785ADA500A95DB9 /* LibraryPageController.h */,
				84C4CA141785ADA500A95DB9 /* LibraryPageController.m */,
				84C4CA151785ADA500A95DB9 /* LibraryPageController.xib */,
				84075B631A3086A3001E395C /* RecentsController.h */,
				84075B641A3086A3001E395C /* RecentsController.m */,
				84075B651A3086A3001E395C /* RecentsController.xib */,
				84DEA2D9191FC314000F9832 /* InfoController.h */,
				84DEA2DA191FC314000F9832 /* InfoController.m */,
				84CE88831AF34C5B00F1129A /* InfoController.xib */,
				681B12361CA57B2D000FB01A /* KeepAliver.h */,
				681B12341CA57406000FB01A /* KeepAliver.m */,
				84D38D581AC1E0BB007564D3 /* MKNumberBadgeView.h */,
				84D38D591AC1E0BB007564D3 /* MKNumberBadgeView.m */,
				84C9196F17841B7C00810B88 /* ASIHTTPRequest */,
				84C29E7E17F85A1A00D259F3 /* CocoaAsyncSocket */,
				84C4CA321786D71D00A95DB9 /* FMEngine */,
				84C10C141782E72F004220BC /* JSONKit */,
				84C919F61784255200810B88 /* ZipArchive */,
				84C10BF11782E08E004220BC /* Supporting Files */,
			);
			path = "3G Player";
			sourceTree = "<group>";
		};
		84C10BF11782E08E004220BC /* Supporting Files */ = {
			isa = PBXGroup;
			children = (
				681B12321CA55AFD000FB01A /* silence.wav */,
				84943CBA17CBB33A00A1CD17 /* Icon.png */,
				84943CBB17CBB33A00A1CD17 /* Icon@2x.png */,
				84B5D20017CBB730007FB471 /* Icon-72.png */,
				84B5D20117CBB730007FB471 /* Icon-72@2x.png */,
				84B5D20217CBB730007FB471 /* Icon-Small-50.png */,
				84B5D20317CBB730007FB471 /* Icon-Small-50@2x.png */,
				84B5D20417CBB730007FB471 /* Icon-Small.png */,
				84B5D20517CBB730007FB471 /* Icon-Small@2x.png */,
				84B5D20617CBB730007FB471 /* iTunesArtwork.png */,
				84B5D20E17CBB739007FB471 /* iTunesArtwork@2x.png */,
				84C4CA421786F4EA00A95DB9 /* Settings.bundle */,
				84C10BF21782E08E004220BC /* 3G Player-Info.plist */,
				84C10BF31782E08E004220BC /* InfoPlist.strings */,
				84C10BF61782E08E004220BC /* main.m */,
				84C10BF81782E08E004220BC /* 3G Player-Prefix.pch */,
				84C10BFC1782E08E004220BC /* Default.png */,
				84C10BFE1782E08E004220BC /* Default@2x.png */,
				84C10C001782E08E004220BC /* Default-568h@2x.png */,
			);
			name = "Supporting Files";
			sourceTree = "<group>";
		};
		84C10C141782E72F004220BC /* JSONKit */ = {
			isa = PBXGroup;
			children = (
				84C10C151782E72F004220BC /* JSONKit.h */,
				84C10C161782E72F004220BC /* JSONKit.m */,
			);
			path = JSONKit;
			sourceTree = "<group>";
		};
		84C29E7E17F85A1A00D259F3 /* CocoaAsyncSocket */ = {
			isa = PBXGroup;
			children = (
				84C29E7F17F85A1A00D259F3 /* GCDAsyncSocket.h */,
				84C29E8017F85A1A00D259F3 /* GCDAsyncSocket.m */,
				84C29E8117F85A1A00D259F3 /* GCDAsyncUdpSocket.h */,
				84C29E8217F85A1A00D259F3 /* GCDAsyncUdpSocket.m */,
			);
			path = CocoaAsyncSocket;
			sourceTree = "<group>";
		};
		84C4CA321786D71D00A95DB9 /* FMEngine */ = {
			isa = PBXGroup;
			children = (
				84C4CA331786D71E00A95DB9 /* FMCallback.h */,
				84C4CA341786D71E00A95DB9 /* FMCallback.m */,
				84C4CA351786D71E00A95DB9 /* FMEngine.h */,
				84C4CA361786D71E00A95DB9 /* FMEngine.m */,
				84C4CA371786D71E00A95DB9 /* FMEngineURLConnection.h */,
				84C4CA381786D71E00A95DB9 /* FMEngineURLConnection.m */,
				84C4CA391786D71E00A95DB9 /* NSString+FMEngine.h */,
				84C4CA3A1786D71E00A95DB9 /* NSString+FMEngine.m */,
			);
			path = FMEngine;
			sourceTree = "<group>";
		};
		84C9196F17841B7C00810B88 /* ASIHTTPRequest */ = {
			isa = PBXGroup;
			children = (
				84C9197017841B7C00810B88 /* Classes */,
				84C919C317841B7C00810B88 /* External */,
			);
			path = ASIHTTPRequest;
			sourceTree = "<group>";
		};
		84C9197017841B7C00810B88 /* Classes */ = {
			isa = PBXGroup;
			children = (
				84C9197117841B7C00810B88 /* ASIAuthenticationDialog.h */,
				84C9197217841B7C00810B88 /* ASIAuthenticationDialog.m */,
				84C9197317841B7C00810B88 /* ASICacheDelegate.h */,
				84C9197417841B7C00810B88 /* ASIDataCompressor.h */,
				84C9197517841B7C00810B88 /* ASIDataCompressor.m */,
				84C9197617841B7C00810B88 /* ASIDataDecompressor.h */,
				84C9197717841B7C00810B88 /* ASIDataDecompressor.m */,
				84C9197817841B7C00810B88 /* ASIDownloadCache.h */,
				84C9197917841B7C00810B88 /* ASIDownloadCache.m */,
				84C9197A17841B7C00810B88 /* ASIFormDataRequest.h */,
				84C9197B17841B7C00810B88 /* ASIFormDataRequest.m */,
				84C9197C17841B7C00810B88 /* ASIHTTPRequest.h */,
				84C9197D17841B7C00810B88 /* ASIHTTPRequest.m */,
				84C9197E17841B7C00810B88 /* ASIHTTPRequestConfig.h */,
				84C9197F17841B7C00810B88 /* ASIHTTPRequestDelegate.h */,
				84C9198017841B7C00810B88 /* ASIInputStream.h */,
				84C9198117841B7C00810B88 /* ASIInputStream.m */,
				84C9198217841B7C00810B88 /* ASINetworkQueue.h */,
				84C9198317841B7C00810B88 /* ASINetworkQueue.m */,
				84C9198417841B7C00810B88 /* ASIProgressDelegate.h */,
			);
			path = Classes;
			sourceTree = "<group>";
		};
		84C919C317841B7C00810B88 /* External */ = {
			isa = PBXGroup;
			children = (
				84C919C617841B7C00810B88 /* Reachability */,
			);
			path = External;
			sourceTree = "<group>";
		};
		84C919C617841B7C00810B88 /* Reachability */ = {
			isa = PBXGroup;
			children = (
				84C919C717841B7C00810B88 /* Reachability.h */,
				84C919C817841B7C00810B88 /* Reachability.m */,
			);
			path = Reachability;
			sourceTree = "<group>";
		};
		84C919F61784255200810B88 /* ZipArchive */ = {
			isa = PBXGroup;
			children = (
				84C919F71784255200810B88 /* minizip */,
				84C91A011784255200810B88 /* ZipArchive.h */,
				84C91A021784255200810B88 /* ZipArchive.mm */,
			);
			path = ZipArchive;
			sourceTree = "<group>";
		};
		84C919F71784255200810B88 /* minizip */ = {
			isa = PBXGroup;
			children = (
				84C919F81784255200810B88 /* crypt.h */,
				84C919F91784255200810B88 /* ioapi.c */,
				84C919FA1784255200810B88 /* ioapi.h */,
				84C919FB1784255200810B88 /* mztools.c */,
				84C919FC1784255200810B88 /* mztools.h */,
				84C919FD1784255200810B88 /* unzip.c */,
				84C919FE1784255200810B88 /* unzip.h */,
				84C919FF1784255200810B88 /* zip.c */,
				84C91A001784255200810B88 /* zip.h */,
			);
			path = minizip;
			sourceTree = "<group>";
		};
		B95EF7A301CE5B9811D68DA3 /* Pods */ = {
			isa = PBXGroup;
			children = (
				680CC26B1CAA9F65006D4A61 /* Pods.xcodeproj */,
				5141AA64DF5664187307807A /* Pods-3G Player.debug.xcconfig */,
				D4ABA411916D45A0D7D0174E /* Pods-3G Player.release.xcconfig */,
			);
			name = Pods;
			sourceTree = "<group>";
		};
/* End PBXGroup section */

/* Begin PBXNativeTarget section */
		84C10BE61782E08D004220BC /* 3G Player */ = {
			isa = PBXNativeTarget;
			buildConfigurationList = 84C10C041782E08E004220BC /* Build configuration list for PBXNativeTarget "3G Player" */;
			buildPhases = (
				EDF5D4EB71C47D70ABA01785 /* Check Pods Manifest.lock */,
				84C10BE31782E08D004220BC /* Sources */,
				84C10BE41782E08D004220BC /* Frameworks */,
				84C10BE51782E08D004220BC /* Resources */,
				B0E45C637E4323D01A1B0E86 /* Embed Pods Frameworks */,
				B367377008263E7454B8F03E /* Copy Pods Resources */,
			);
			buildRules = (
			);
			dependencies = (
			);
			name = "3G Player";
			productName = "3G Player";
			productReference = 84C10BE71782E08D004220BC /* 3G Player.app */;
			productType = "com.apple.product-type.application";
		};
/* End PBXNativeTarget section */

/* Begin PBXProject section */
		84C10BDF1782E08D004220BC /* Project object */ = {
			isa = PBXProject;
			attributes = {
				LastUpgradeCheck = 0720;
				ORGANIZATIONNAME = themylogin;
				TargetAttributes = {
					84C10BE61782E08D004220BC = {
						DevelopmentTeam = 6Q36KVUBMJ;
					};
				};
			};
			buildConfigurationList = 84C10BE21782E08D004220BC /* Build configuration list for PBXProject "3G Player" */;
			compatibilityVersion = "Xcode 3.2";
			developmentRegion = English;
			hasScannedForEncodings = 0;
			knownRegions = (
				en,
			);
			mainGroup = 84C10BDE1782E08D004220BC;
			productRefGroup = 84C10BE81782E08D004220BC /* Products */;
			projectDirPath = "";
			projectReferences = (
				{
					ProductGroup = 680CC26C1CAA9F65006D4A61 /* Products */;
					ProjectRef = 680CC26B1CAA9F65006D4A61 /* Pods.xcodeproj */;
				},
			);
			projectRoot = "";
			targets = (
				84C10BE61782E08D004220BC /* 3G Player */,
			);
		};
/* End PBXProject section */

/* Begin PBXReferenceProxy section */
		680CC2711CAA9F65006D4A61 /* libPods-3G Player.a */ = {
			isa = PBXReferenceProxy;
			fileType = archive.ar;
			path = "libPods-3G Player.a";
			remoteRef = 680CC2701CAA9F65006D4A61 /* PBXContainerItemProxy */;
			sourceTree = BUILT_PRODUCTS_DIR;
		};
		680CC2731CAA9F65006D4A61 /* libXLForm.a */ = {
			isa = PBXReferenceProxy;
			fileType = archive.ar;
			path = libXLForm.a;
			remoteRef = 680CC2721CAA9F65006D4A61 /* PBXContainerItemProxy */;
			sourceTree = BUILT_PRODUCTS_DIR;
		};
/* End PBXReferenceProxy section */

/* Begin PBXResourcesBuildPhase section */
		84C10BE51782E08D004220BC /* Resources */ = {
			isa = PBXResourcesBuildPhase;
			buildActionMask = 2147483647;
			files = (
				84C10BF51782E08E004220BC /* InfoPlist.strings in Resources */,
				84C10BFD1782E08E004220BC /* Default.png in Resources */,
				84C10BFF1782E08E004220BC /* Default@2x.png in Resources */,
				84C10C011782E08E004220BC /* Default-568h@2x.png in Resources */,
				84C4CA1B1785ADA500A95DB9 /* LibraryPageController.xib in Resources */,
				687073381BDABA03000F6013 /* en.lproj in Resources */,
				84C4CA1D1785ADA500A95DB9 /* CurrentController.xib in Resources */,
				687073391BDABA03000F6013 /* FMEngine in Resources */,
				84C4CA431786F4EB00A95DB9 /* Settings.bundle in Resources */,
				681B12311CA53E30000FB01A /* Icons.xcassets in Resources */,
				84943CBC17CBB33A00A1CD17 /* Icon.png in Resources */,
				680CC27D1CAB826C006D4A61 /* RecommendationsForFromResultController.xib in Resources */,
				84CE88841AF34C5B00F1129A /* InfoController.xib in Resources */,
				84943CBD17CBB33A00A1CD17 /* Icon@2x.png in Resources */,
				84075B671A3086A3001E395C /* RecentsController.xib in Resources */,
				84B5D20717CBB730007FB471 /* Icon-72.png in Resources */,
				84B5D20817CBB730007FB471 /* Icon-72@2x.png in Resources */,
				84B5D20917CBB730007FB471 /* Icon-Small-50.png in Resources */,
				681B12331CA55AFD000FB01A /* silence.wav in Resources */,
				84B5D20A17CBB730007FB471 /* Icon-Small-50@2x.png in Resources */,
				687073361BDABA03000F6013 /* ASIHTTPRequest in Resources */,
				6870733D1BDABA03000F6013 /* SearchController.xib in Resources */,
				84B5D20B17CBB730007FB471 /* Icon-Small.png in Resources */,
				687073371BDABA03000F6013 /* CocoaAsyncSocket in Resources */,
				84B5D20C17CBB730007FB471 /* Icon-Small@2x.png in Resources */,
				84B5D20D17CBB730007FB471 /* iTunesArtwork.png in Resources */,
				84B5D20F17CBB739007FB471 /* iTunesArtwork@2x.png in Resources */,
			);
			runOnlyForDeploymentPostprocessing = 0;
		};
/* End PBXResourcesBuildPhase section */

/* Begin PBXShellScriptBuildPhase section */
		B0E45C637E4323D01A1B0E86 /* Embed Pods Frameworks */ = {
			isa = PBXShellScriptBuildPhase;
			buildActionMask = 2147483647;
			files = (
			);
			inputPaths = (
			);
			name = "Embed Pods Frameworks";
			outputPaths = (
			);
			runOnlyForDeploymentPostprocessing = 0;
			shellPath = /bin/sh;
			shellScript = "\"${SRCROOT}/Pods/Target Support Files/Pods-3G Player/Pods-3G Player-frameworks.sh\"\n";
			showEnvVarsInLog = 0;
		};
		B367377008263E7454B8F03E /* Copy Pods Resources */ = {
			isa = PBXShellScriptBuildPhase;
			buildActionMask = 2147483647;
			files = (
			);
			inputPaths = (
			);
			name = "Copy Pods Resources";
			outputPaths = (
			);
			runOnlyForDeploymentPostprocessing = 0;
			shellPath = /bin/sh;
			shellScript = "\"${SRCROOT}/Pods/Target Support Files/Pods-3G Player/Pods-3G Player-resources.sh\"\n";
			showEnvVarsInLog = 0;
		};
		EDF5D4EB71C47D70ABA01785 /* Check Pods Manifest.lock */ = {
			isa = PBXShellScriptBuildPhase;
			buildActionMask = 2147483647;
			files = (
			);
			inputPaths = (
			);
			name = "Check Pods Manifest.lock";
			outputPaths = (
			);
			runOnlyForDeploymentPostprocessing = 0;
			shellPath = /bin/sh;
			shellScript = "diff \"${PODS_ROOT}/../Podfile.lock\" \"${PODS_ROOT}/Manifest.lock\" > /dev/null\nif [[ $? != 0 ]] ; then\n    cat << EOM\nerror: The sandbox is not in sync with the Podfile.lock. Run 'pod install' or update your CocoaPods installation.\nEOM\n    exit 1\nfi\n";
			showEnvVarsInLog = 0;
		};
/* End PBXShellScriptBuildPhase section */

/* Begin PBXSourcesBuildPhase section */
		84C10BE31782E08D004220BC /* Sources */ = {
			isa = PBXSourcesBuildPhase;
			buildActionMask = 2147483647;
			files = (
				84C10BF71782E08E004220BC /* main.m in Sources */,
				84C10BFB1782E08E004220BC /* AppDelegate.m in Sources */,
				84D38D5A1AC1E0BB007564D3 /* MKNumberBadgeView.m in Sources */,
				84C10C091782E20A004220BC /* LibraryController.m in Sources */,
				84C919C917841B7C00810B88 /* ASIAuthenticationDialog.m in Sources */,
				84DEA2DC191FC314000F9832 /* InfoController.m in Sources */,
				680CC27F1CAB828A006D4A61 /* RecommendationsForFromResultController.m in Sources */,
				84C919CA17841B7C00810B88 /* ASIDataCompressor.m in Sources */,
				84C919CB17841B7C00810B88 /* ASIDataDecompressor.m in Sources */,
				680CC26A1CAA9CCD006D4A61 /* RecommendationsForFromController.m in Sources */,
				84075B6A1A3094AF001E395C /* MusicTableService.m in Sources */,
				84C919CC17841B7C00810B88 /* ASIDownloadCache.m in Sources */,
				84C919CD17841B7C00810B88 /* ASIFormDataRequest.m in Sources */,
				84C919CE17841B7C00810B88 /* ASIHTTPRequest.m in Sources */,
				84C919CF17841B7C00810B88 /* ASIInputStream.m in Sources */,
				84C919D017841B7C00810B88 /* ASINetworkQueue.m in Sources */,
				84C919EF17841B7C00810B88 /* Reachability.m in Sources */,
				84C91A031784255200810B88 /* ioapi.c in Sources */,
				84C91A041784255200810B88 /* mztools.c in Sources */,
				84C91A051784255200810B88 /* unzip.c in Sources */,
				84C91A061784255200810B88 /* zip.c in Sources */,
				84C91A071784255200810B88 /* ZipArchive.mm in Sources */,
				680CC2821CAB914B006D4A61 /* RecommendationsUtils.m in Sources */,
				6870733C1BDABA03000F6013 /* SearchController.m in Sources */,
				84C91A0A17856C5500810B88 /* MusicFileManager.m in Sources */,
				84C4CA191785ADA500A95DB9 /* Globals.m in Sources */,
				681B12351CA57406000FB01A /* KeepAliver.m in Sources */,
				84C4CA1A1785ADA500A95DB9 /* LibraryPageController.m in Sources */,
				84075B661A3086A3001E395C /* RecentsController.m in Sources */,
				84C4CA1C1785ADA500A95DB9 /* CurrentController.m in Sources */,
				84C4CA3B1786D71E00A95DB9 /* FMCallback.m in Sources */,
				84C4CA3C1786D71E00A95DB9 /* FMEngine.m in Sources */,
				84C4CA3D1786D71E00A95DB9 /* FMEngineURLConnection.m in Sources */,
				680CC2761CAB7AEA006D4A61 /* ItemsListController.m in Sources */,
				84C4CA3E1786D71E00A95DB9 /* NSString+FMEngine.m in Sources */,
				84C4CA411786D7FB00A95DB9 /* Scrobbler.m in Sources */,
				84C29E8317F85A1A00D259F3 /* GCDAsyncSocket.m in Sources */,
				84C29E8417F85A1A00D259F3 /* GCDAsyncUdpSocket.m in Sources */,
			);
			runOnlyForDeploymentPostprocessing = 0;
		};
/* End PBXSourcesBuildPhase section */

/* Begin PBXVariantGroup section */
		84C10BF31782E08E004220BC /* InfoPlist.strings */ = {
			isa = PBXVariantGroup;
			children = (
				84C10BF41782E08E004220BC /* en */,
			);
			name = InfoPlist.strings;
			sourceTree = "<group>";
		};
/* End PBXVariantGroup section */

/* Begin XCBuildConfiguration section */
		84C10C021782E08E004220BC /* Debug */ = {
			isa = XCBuildConfiguration;
			buildSettings = {
				ALWAYS_SEARCH_USER_PATHS = NO;
				CLANG_CXX_LANGUAGE_STANDARD = "gnu++0x";
				CLANG_CXX_LIBRARY = "libc++";
				CLANG_WARN_CONSTANT_CONVERSION = YES;
				CLANG_WARN_EMPTY_BODY = YES;
				CLANG_WARN_ENUM_CONVERSION = YES;
				CLANG_WARN_INT_CONVERSION = YES;
				CLANG_WARN__DUPLICATE_METHOD_MATCH = YES;
				"CODE_SIGN_IDENTITY[sdk=iphoneos*]" = "iPhone Developer";
				COPY_PHASE_STRIP = NO;
				ENABLE_TESTABILITY = YES;
				GCC_C_LANGUAGE_STANDARD = gnu99;
				GCC_DYNAMIC_NO_PIC = NO;
				GCC_OPTIMIZATION_LEVEL = 0;
				GCC_PREPROCESSOR_DEFINITIONS = (
					"DEBUG=1",
					"$(inherited)",
				);
				GCC_SYMBOLS_PRIVATE_EXTERN = NO;
				GCC_WARN_ABOUT_RETURN_TYPE = YES;
				GCC_WARN_UNINITIALIZED_AUTOS = YES;
				GCC_WARN_UNUSED_VARIABLE = YES;
				IPHONEOS_DEPLOYMENT_TARGET = 5.0;
				ONLY_ACTIVE_ARCH = YES;
				SDKROOT = iphoneos;
				TARGETED_DEVICE_FAMILY = "1,2";
			};
			name = Debug;
		};
		84C10C031782E08E004220BC /* Release */ = {
			isa = XCBuildConfiguration;
			buildSettings = {
				ALWAYS_SEARCH_USER_PATHS = NO;
				CLANG_CXX_LANGUAGE_STANDARD = "gnu++0x";
				CLANG_CXX_LIBRARY = "libc++";
				CLANG_WARN_CONSTANT_CONVERSION = YES;
				CLANG_WARN_EMPTY_BODY = YES;
				CLANG_WARN_ENUM_CONVERSION = YES;
				CLANG_WARN_INT_CONVERSION = YES;
				CLANG_WARN__DUPLICATE_METHOD_MATCH = YES;
				"CODE_SIGN_IDENTITY[sdk=iphoneos*]" = "iPhone Developer";
				COPY_PHASE_STRIP = YES;
				GCC_C_LANGUAGE_STANDARD = gnu99;
				GCC_WARN_ABOUT_RETURN_TYPE = YES;
				GCC_WARN_UNINITIALIZED_AUTOS = YES;
				GCC_WARN_UNUSED_VARIABLE = YES;
				IPHONEOS_DEPLOYMENT_TARGET = 5.0;
				OTHER_CFLAGS = "-DNS_BLOCK_ASSERTIONS=1";
				SDKROOT = iphoneos;
				TARGETED_DEVICE_FAMILY = "1,2";
				VALIDATE_PRODUCT = YES;
			};
			name = Release;
		};
		84C10C051782E08E004220BC /* Debug */ = {
			isa = XCBuildConfiguration;
			baseConfigurationReference = 5141AA64DF5664187307807A /* Pods-3G Player.debug.xcconfig */;
			buildSettings = {
				CODE_SIGN_IDENTITY = "iPhone Developer";
				"CODE_SIGN_IDENTITY[sdk=iphoneos*]" = "iPhone Developer";
				FRAMEWORK_SEARCH_PATHS = (
					"$(inherited)",
					"\"$(PROJECT_DIR)/3G Player\"",
					"\"$(PROJECT_DIR)/3G Player/HockeySDK.embeddedframework\"",
					"\"$(PROJECT_DIR)/3G Player/HockeySDK.embeddedframework\"",
				);
				GCC_PRECOMPILE_PREFIX_HEADER = YES;
				GCC_PREFIX_HEADER = "3G Player/3G Player-Prefix.pch";
				INFOPLIST_FILE = "3G Player/3G Player-Info.plist";
				IPHONEOS_DEPLOYMENT_TARGET = 7.0;
				PRODUCT_BUNDLE_IDENTIFIER = "com.themylogin.${PRODUCT_NAME:rfc1034identifier}";
				PRODUCT_NAME = "$(TARGET_NAME)";
				PROVISIONING_PROFILE = "";
				WRAPPER_EXTENSION = app;
			};
			name = Debug;
		};
		84C10C061782E08E004220BC /* Release */ = {
			isa = XCBuildConfiguration;
			baseConfigurationReference = D4ABA411916D45A0D7D0174E /* Pods-3G Player.release.xcconfig */;
			buildSettings = {
				CODE_SIGN_IDENTITY = "iPhone Developer";
				"CODE_SIGN_IDENTITY[sdk=iphoneos*]" = "iPhone Developer";
				FRAMEWORK_SEARCH_PATHS = (
					"$(inherited)",
					"\"$(PROJECT_DIR)/3G Player\"",
					"\"$(PROJECT_DIR)/3G Player/HockeySDK.embeddedframework\"",
					"\"$(PROJECT_DIR)/3G Player/HockeySDK.embeddedframework\"",
				);
				GCC_PRECOMPILE_PREFIX_HEADER = YES;
				GCC_PREFIX_HEADER = "3G Player/3G Player-Prefix.pch";
				INFOPLIST_FILE = "3G Player/3G Player-Info.plist";
				IPHONEOS_DEPLOYMENT_TARGET = 7.0;
				PRODUCT_BUNDLE_IDENTIFIER = "com.themylogin.${PRODUCT_NAME:rfc1034identifier}";
				PRODUCT_NAME = "$(TARGET_NAME)";
				PROVISIONING_PROFILE = "";
				WRAPPER_EXTENSION = app;
			};
			name = Release;
		};
/* End XCBuildConfiguration section */

/* Begin XCConfigurationList section */
		84C10BE21782E08D004220BC /* Build configuration list for PBXProject "3G Player" */ = {
			isa = XCConfigurationList;
			buildConfigurations = (
				84C10C021782E08E004220BC /* Debug */,
				84C10C031782E08E004220BC /* Release */,
			);
			defaultConfigurationIsVisible = 0;
			defaultConfigurationName = Release;
		};
		84C10C041782E08E004220BC /* Build configuration list for PBXNativeTarget "3G Player" */ = {
			isa = XCConfigurationList;
			buildConfigurations = (
				84C10C051782E08E004220BC /* Debug */,
				84C10C061782E08E004220BC /* Release */,
			);
			defaultConfigurationIsVisible = 0;
			defaultConfigurationName = Release;
		};
/* End XCConfigurationList section */
	};
	rootObject = 84C10BDF1782E08D004220BC /* Project object */;
}
