// !$*UTF8*$!
{
	archiveVersion = 1;
	classes = {
	};
	objectVersion = 46;
	objects = {

/* Begin PBXBuildFile section */
		84C10BEB1782E08E004220BC /* UIKit.framework in Frameworks */ = {isa = PBXBuildFile; fileRef = 84C10BEA1782E08D004220BC /* UIKit.framework */; };
		84C10BED1782E08E004220BC /* Foundation.framework in Frameworks */ = {isa = PBXBuildFile; fileRef = 84C10BEC1782E08E004220BC /* Foundation.framework */; };
		84C10BEF1782E08E004220BC /* CoreGraphics.framework in Frameworks */ = {isa = PBXBuildFile; fileRef = 84C10BEE1782E08E004220BC /* CoreGraphics.framework */; };
		84C10BF51782E08E004220BC /* InfoPlist.strings in Resources */ = {isa = PBXBuildFile; fileRef = 84C10BF31782E08E004220BC /* InfoPlist.strings */; };
		84C10BF71782E08E004220BC /* main.m in Sources */ = {isa = PBXBuildFile; fileRef = 84C10BF61782E08E004220BC /* main.m */; };
		84C10BFB1782E08E004220BC /* AppDelegate.m in Sources */ = {isa = PBXBuildFile; fileRef = 84C10BFA1782E08E004220BC /* AppDelegate.m */; };
		84C10BFD1782E08E004220BC /* Default.png in Resources */ = {isa = PBXBuildFile; fileRef = 84C10BFC1782E08E004220BC /* Default.png */; };
		84C10BFF1782E08E004220BC /* Default@2x.png in Resources */ = {isa = PBXBuildFile; fileRef = 84C10BFE1782E08E004220BC /* Default@2x.png */; };
		84C10C011782E08E004220BC /* Default-568h@2x.png in Resources */ = {isa = PBXBuildFile; fileRef = 84C10C001782E08E004220BC /* Default-568h@2x.png */; };
		84C10C091782E20A004220BC /* LibraryController.m in Sources */ = {isa = PBXBuildFile; fileRef = 84C10C081782E20A004220BC /* LibraryController.m */; };
		84C10C171782E72F004220BC /* JSONKit.m in Sources */ = {isa = PBXBuildFile; fileRef = 84C10C161782E72F004220BC /* JSONKit.m */; };
		84C4CA191785ADA500A95DB9 /* Globals.m in Sources */ = {isa = PBXBuildFile; fileRef = 84C4CA121785ADA500A95DB9 /* Globals.m */; };
		84C4CA1A1785ADA500A95DB9 /* LibraryPageController.m in Sources */ = {isa = PBXBuildFile; fileRef = 84C4CA141785ADA500A95DB9 /* LibraryPageController.m */; };
		84C4CA1B1785ADA500A95DB9 /* LibraryPageController.xib in Resources */ = {isa = PBXBuildFile; fileRef = 84C4CA151785ADA500A95DB9 /* LibraryPageController.xib */; };
		84C4CA1C1785ADA500A95DB9 /* PlaylistController.m in Sources */ = {isa = PBXBuildFile; fileRef = 84C4CA171785ADA500A95DB9 /* PlaylistController.m */; };
		84C4CA1D1785ADA500A95DB9 /* PlaylistController.xib in Resources */ = {isa = PBXBuildFile; fileRef = 84C4CA181785ADA500A95DB9 /* PlaylistController.xib */; };
		84C9196C178416D600810B88 /* LFCGzipUtility.m in Sources */ = {isa = PBXBuildFile; fileRef = 84C9196B178416D600810B88 /* LFCGzipUtility.m */; };
		84C9196E1784173500810B88 /* libz.dylib in Frameworks */ = {isa = PBXBuildFile; fileRef = 84C9196D1784173400810B88 /* libz.dylib */; };
		84C919C917841B7C00810B88 /* ASIAuthenticationDialog.m in Sources */ = {isa = PBXBuildFile; fileRef = 84C9197217841B7C00810B88 /* ASIAuthenticationDialog.m */; };
		84C919CA17841B7C00810B88 /* ASIDataCompressor.m in Sources */ = {isa = PBXBuildFile; fileRef = 84C9197517841B7C00810B88 /* ASIDataCompressor.m */; };
		84C919CB17841B7C00810B88 /* ASIDataDecompressor.m in Sources */ = {isa = PBXBuildFile; fileRef = 84C9197717841B7C00810B88 /* ASIDataDecompressor.m */; };
		84C919CC17841B7C00810B88 /* ASIDownloadCache.m in Sources */ = {isa = PBXBuildFile; fileRef = 84C9197917841B7C00810B88 /* ASIDownloadCache.m */; };
		84C919CD17841B7C00810B88 /* ASIFormDataRequest.m in Sources */ = {isa = PBXBuildFile; fileRef = 84C9197B17841B7C00810B88 /* ASIFormDataRequest.m */; };
		84C919CE17841B7C00810B88 /* ASIHTTPRequest.m in Sources */ = {isa = PBXBuildFile; fileRef = 84C9197D17841B7C00810B88 /* ASIHTTPRequest.m */; };
		84C919CF17841B7C00810B88 /* ASIInputStream.m in Sources */ = {isa = PBXBuildFile; fileRef = 84C9198117841B7C00810B88 /* ASIInputStream.m */; };
		84C919D017841B7C00810B88 /* ASINetworkQueue.m in Sources */ = {isa = PBXBuildFile; fileRef = 84C9198317841B7C00810B88 /* ASINetworkQueue.m */; };
		84C919EF17841B7C00810B88 /* Reachability.m in Sources */ = {isa = PBXBuildFile; fileRef = 84C919C817841B7C00810B88 /* Reachability.m */; };
		84C919F117841BC600810B88 /* CFNetwork.framework in Frameworks */ = {isa = PBXBuildFile; fileRef = 84C919F017841BC600810B88 /* CFNetwork.framework */; };
		84C919F317841BD600810B88 /* SystemConfiguration.framework in Frameworks */ = {isa = PBXBuildFile; fileRef = 84C919F217841BD600810B88 /* SystemConfiguration.framework */; };
		84C919F517841BE100810B88 /* MobileCoreServices.framework in Frameworks */ = {isa = PBXBuildFile; fileRef = 84C919F417841BE100810B88 /* MobileCoreServices.framework */; };
		84C91A031784255200810B88 /* ioapi.c in Sources */ = {isa = PBXBuildFile; fileRef = 84C919F91784255200810B88 /* ioapi.c */; };
		84C91A041784255200810B88 /* mztools.c in Sources */ = {isa = PBXBuildFile; fileRef = 84C919FB1784255200810B88 /* mztools.c */; };
		84C91A051784255200810B88 /* unzip.c in Sources */ = {isa = PBXBuildFile; fileRef = 84C919FD1784255200810B88 /* unzip.c */; };
		84C91A061784255200810B88 /* zip.c in Sources */ = {isa = PBXBuildFile; fileRef = 84C919FF1784255200810B88 /* zip.c */; };
		84C91A071784255200810B88 /* ZipArchive.mm in Sources */ = {isa = PBXBuildFile; fileRef = 84C91A021784255200810B88 /* ZipArchive.mm */; };
		84C91A0A17856C5500810B88 /* MusicFileManager.m in Sources */ = {isa = PBXBuildFile; fileRef = 84C91A0917856C5500810B88 /* MusicFileManager.m */; };
		84C91A0C178581EF00810B88 /* QuartzCore.framework in Frameworks */ = {isa = PBXBuildFile; fileRef = 84C91A0B178581EF00810B88 /* QuartzCore.framework */; };
/* End PBXBuildFile section */

/* Begin PBXFileReference section */
		84C10BE71782E08D004220BC /* 3G Player.app */ = {isa = PBXFileReference; explicitFileType = wrapper.application; includeInIndex = 0; path = "3G Player.app"; sourceTree = BUILT_PRODUCTS_DIR; };
		84C10BEA1782E08D004220BC /* UIKit.framework */ = {isa = PBXFileReference; lastKnownFileType = wrapper.framework; name = UIKit.framework; path = System/Library/Frameworks/UIKit.framework; sourceTree = SDKROOT; };
		84C10BEC1782E08E004220BC /* Foundation.framework */ = {isa = PBXFileReference; lastKnownFileType = wrapper.framework; name = Foundation.framework; path = System/Library/Frameworks/Foundation.framework; sourceTree = SDKROOT; };
		84C10BEE1782E08E004220BC /* CoreGraphics.framework */ = {isa = PBXFileReference; lastKnownFileType = wrapper.framework; name = CoreGraphics.framework; path = System/Library/Frameworks/CoreGraphics.framework; sourceTree = SDKROOT; };
		84C10BF21782E08E004220BC /* 3G Player-Info.plist */ = {isa = PBXFileReference; lastKnownFileType = text.plist.xml; path = "3G Player-Info.plist"; sourceTree = "<group>"; };
		84C10BF41782E08E004220BC /* en */ = {isa = PBXFileReference; lastKnownFileType = text.plist.strings; name = en; path = en.lproj/InfoPlist.strings; sourceTree = "<group>"; };
		84C10BF61782E08E004220BC /* main.m */ = {isa = PBXFileReference; lastKnownFileType = sourcecode.c.objc; path = main.m; sourceTree = "<group>"; };
		84C10BF81782E08E004220BC /* 3G Player-Prefix.pch */ = {isa = PBXFileReference; lastKnownFileType = sourcecode.c.h; path = "3G Player-Prefix.pch"; sourceTree = "<group>"; };
		84C10BF91782E08E004220BC /* AppDelegate.h */ = {isa = PBXFileReference; lastKnownFileType = sourcecode.c.h; path = AppDelegate.h; sourceTree = "<group>"; };
		84C10BFA1782E08E004220BC /* AppDelegate.m */ = {isa = PBXFileReference; lastKnownFileType = sourcecode.c.objc; path = AppDelegate.m; sourceTree = "<group>"; };
		84C10BFC1782E08E004220BC /* Default.png */ = {isa = PBXFileReference; lastKnownFileType = image.png; path = Default.png; sourceTree = "<group>"; };
		84C10BFE1782E08E004220BC /* Default@2x.png */ = {isa = PBXFileReference; lastKnownFileType = image.png; path = "Default@2x.png"; sourceTree = "<group>"; };
		84C10C001782E08E004220BC /* Default-568h@2x.png */ = {isa = PBXFileReference; lastKnownFileType = image.png; path = "Default-568h@2x.png"; sourceTree = "<group>"; };
		84C10C071782E20A004220BC /* LibraryController.h */ = {isa = PBXFileReference; fileEncoding = 4; lastKnownFileType = sourcecode.c.h; path = LibraryController.h; sourceTree = "<group>"; };
		84C10C081782E20A004220BC /* LibraryController.m */ = {isa = PBXFileReference; fileEncoding = 4; lastKnownFileType = sourcecode.c.objc; path = LibraryController.m; sourceTree = "<group>"; };
		84C10C151782E72F004220BC /* JSONKit.h */ = {isa = PBXFileReference; fileEncoding = 4; lastKnownFileType = sourcecode.c.h; path = JSONKit.h; sourceTree = "<group>"; };
		84C10C161782E72F004220BC /* JSONKit.m */ = {isa = PBXFileReference; fileEncoding = 4; lastKnownFileType = sourcecode.c.objc; path = JSONKit.m; sourceTree = "<group>"; };
		84C4CA111785ADA500A95DB9 /* Globals.h */ = {isa = PBXFileReference; fileEncoding = 4; lastKnownFileType = sourcecode.c.h; path = Globals.h; sourceTree = "<group>"; };
		84C4CA121785ADA500A95DB9 /* Globals.m */ = {isa = PBXFileReference; fileEncoding = 4; lastKnownFileType = sourcecode.c.objc; path = Globals.m; sourceTree = "<group>"; };
		84C4CA131785ADA500A95DB9 /* LibraryPageController.h */ = {isa = PBXFileReference; fileEncoding = 4; lastKnownFileType = sourcecode.c.h; path = LibraryPageController.h; sourceTree = "<group>"; };
		84C4CA141785ADA500A95DB9 /* LibraryPageController.m */ = {isa = PBXFileReference; fileEncoding = 4; lastKnownFileType = sourcecode.c.objc; path = LibraryPageController.m; sourceTree = "<group>"; };
		84C4CA151785ADA500A95DB9 /* LibraryPageController.xib */ = {isa = PBXFileReference; fileEncoding = 4; lastKnownFileType = file.xib; path = LibraryPageController.xib; sourceTree = "<group>"; };
		84C4CA161785ADA500A95DB9 /* PlaylistController.h */ = {isa = PBXFileReference; fileEncoding = 4; lastKnownFileType = sourcecode.c.h; path = PlaylistController.h; sourceTree = "<group>"; };
		84C4CA171785ADA500A95DB9 /* PlaylistController.m */ = {isa = PBXFileReference; fileEncoding = 4; lastKnownFileType = sourcecode.c.objc; path = PlaylistController.m; sourceTree = "<group>"; };
		84C4CA181785ADA500A95DB9 /* PlaylistController.xib */ = {isa = PBXFileReference; fileEncoding = 4; lastKnownFileType = file.xib; path = PlaylistController.xib; sourceTree = "<group>"; };
		84C9196A1784163000810B88 /* LFCGzipUtility.h */ = {isa = PBXFileReference; fileEncoding = 4; lastKnownFileType = sourcecode.c.h; path = LFCGzipUtility.h; sourceTree = "<group>"; };
		84C9196B178416D600810B88 /* LFCGzipUtility.m */ = {isa = PBXFileReference; fileEncoding = 4; lastKnownFileType = sourcecode.c.objc; path = LFCGzipUtility.m; sourceTree = "<group>"; };
		84C9196D1784173400810B88 /* libz.dylib */ = {isa = PBXFileReference; lastKnownFileType = "compiled.mach-o.dylib"; name = libz.dylib; path = usr/lib/libz.dylib; sourceTree = SDKROOT; };
		84C9197117841B7C00810B88 /* ASIAuthenticationDialog.h */ = {isa = PBXFileReference; fileEncoding = 4; lastKnownFileType = sourcecode.c.h; path = ASIAuthenticationDialog.h; sourceTree = "<group>"; };
		84C9197217841B7C00810B88 /* ASIAuthenticationDialog.m */ = {isa = PBXFileReference; fileEncoding = 4; lastKnownFileType = sourcecode.c.objc; path = ASIAuthenticationDialog.m; sourceTree = "<group>"; };
		84C9197317841B7C00810B88 /* ASICacheDelegate.h */ = {isa = PBXFileReference; fileEncoding = 4; lastKnownFileType = sourcecode.c.h; path = ASICacheDelegate.h; sourceTree = "<group>"; };
		84C9197417841B7C00810B88 /* ASIDataCompressor.h */ = {isa = PBXFileReference; fileEncoding = 4; lastKnownFileType = sourcecode.c.h; path = ASIDataCompressor.h; sourceTree = "<group>"; };
		84C9197517841B7C00810B88 /* ASIDataCompressor.m */ = {isa = PBXFileReference; fileEncoding = 4; lastKnownFileType = sourcecode.c.objc; path = ASIDataCompressor.m; sourceTree = "<group>"; };
		84C9197617841B7C00810B88 /* ASIDataDecompressor.h */ = {isa = PBXFileReference; fileEncoding = 4; lastKnownFileType = sourcecode.c.h; path = ASIDataDecompressor.h; sourceTree = "<group>"; };
		84C9197717841B7C00810B88 /* ASIDataDecompressor.m */ = {isa = PBXFileReference; fileEncoding = 4; lastKnownFileType = sourcecode.c.objc; path = ASIDataDecompressor.m; sourceTree = "<group>"; };
		84C9197817841B7C00810B88 /* ASIDownloadCache.h */ = {isa = PBXFileReference; fileEncoding = 4; lastKnownFileType = sourcecode.c.h; path = ASIDownloadCache.h; sourceTree = "<group>"; };
		84C9197917841B7C00810B88 /* ASIDownloadCache.m */ = {isa = PBXFileReference; fileEncoding = 4; lastKnownFileType = sourcecode.c.objc; path = ASIDownloadCache.m; sourceTree = "<group>"; };
		84C9197A17841B7C00810B88 /* ASIFormDataRequest.h */ = {isa = PBXFileReference; fileEncoding = 4; lastKnownFileType = sourcecode.c.h; path = ASIFormDataRequest.h; sourceTree = "<group>"; };
		84C9197B17841B7C00810B88 /* ASIFormDataRequest.m */ = {isa = PBXFileReference; fileEncoding = 4; lastKnownFileType = sourcecode.c.objc; path = ASIFormDataRequest.m; sourceTree = "<group>"; };
		84C9197C17841B7C00810B88 /* ASIHTTPRequest.h */ = {isa = PBXFileReference; fileEncoding = 4; lastKnownFileType = sourcecode.c.h; path = ASIHTTPRequest.h; sourceTree = "<group>"; };
		84C9197D17841B7C00810B88 /* ASIHTTPRequest.m */ = {isa = PBXFileReference; fileEncoding = 4; lastKnownFileType = sourcecode.c.objc; path = ASIHTTPRequest.m; sourceTree = "<group>"; };
		84C9197E17841B7C00810B88 /* ASIHTTPRequestConfig.h */ = {isa = PBXFileReference; fileEncoding = 4; lastKnownFileType = sourcecode.c.h; path = ASIHTTPRequestConfig.h; sourceTree = "<group>"; };
		84C9197F17841B7C00810B88 /* ASIHTTPRequestDelegate.h */ = {isa = PBXFileReference; fileEncoding = 4; lastKnownFileType = sourcecode.c.h; path = ASIHTTPRequestDelegate.h; sourceTree = "<group>"; };
		84C9198017841B7C00810B88 /* ASIInputStream.h */ = {isa = PBXFileReference; fileEncoding = 4; lastKnownFileType = sourcecode.c.h; path = ASIInputStream.h; sourceTree = "<group>"; };
		84C9198117841B7C00810B88 /* ASIInputStream.m */ = {isa = PBXFileReference; fileEncoding = 4; lastKnownFileType = sourcecode.c.objc; path = ASIInputStream.m; sourceTree = "<group>"; };
		84C9198217841B7C00810B88 /* ASINetworkQueue.h */ = {isa = PBXFileReference; fileEncoding = 4; lastKnownFileType = sourcecode.c.h; path = ASINetworkQueue.h; sourceTree = "<group>"; };
		84C9198317841B7C00810B88 /* ASINetworkQueue.m */ = {isa = PBXFileReference; fileEncoding = 4; lastKnownFileType = sourcecode.c.objc; path = ASINetworkQueue.m; sourceTree = "<group>"; };
		84C9198417841B7C00810B88 /* ASIProgressDelegate.h */ = {isa = PBXFileReference; fileEncoding = 4; lastKnownFileType = sourcecode.c.h; path = ASIProgressDelegate.h; sourceTree = "<group>"; };
		84C919C717841B7C00810B88 /* Reachability.h */ = {isa = PBXFileReference; fileEncoding = 4; lastKnownFileType = sourcecode.c.h; path = Reachability.h; sourceTree = "<group>"; };
		84C919C817841B7C00810B88 /* Reachability.m */ = {isa = PBXFileReference; fileEncoding = 4; lastKnownFileType = sourcecode.c.objc; path = Reachability.m; sourceTree = "<group>"; };
		84C919F017841BC600810B88 /* CFNetwork.framework */ = {isa = PBXFileReference; lastKnownFileType = wrapper.framework; name = CFNetwork.framework; path = System/Library/Frameworks/CFNetwork.framework; sourceTree = SDKROOT; };
		84C919F217841BD600810B88 /* SystemConfiguration.framework */ = {isa = PBXFileReference; lastKnownFileType = wrapper.framework; name = SystemConfiguration.framework; path = System/Library/Frameworks/SystemConfiguration.framework; sourceTree = SDKROOT; };
		84C919F417841BE100810B88 /* MobileCoreServices.framework */ = {isa = PBXFileReference; lastKnownFileType = wrapper.framework; name = MobileCoreServices.framework; path = System/Library/Frameworks/MobileCoreServices.framework; sourceTree = SDKROOT; };
		84C919F81784255200810B88 /* crypt.h */ = {isa = PBXFileReference; fileEncoding = 4; lastKnownFileType = sourcecode.c.h; path = crypt.h; sourceTree = "<group>"; };
		84C919F91784255200810B88 /* ioapi.c */ = {isa = PBXFileReference; fileEncoding = 4; lastKnownFileType = sourcecode.c.c; path = ioapi.c; sourceTree = "<group>"; };
		84C919FA1784255200810B88 /* ioapi.h */ = {isa = PBXFileReference; fileEncoding = 4; lastKnownFileType = sourcecode.c.h; path = ioapi.h; sourceTree = "<group>"; };
		84C919FB1784255200810B88 /* mztools.c */ = {isa = PBXFileReference; fileEncoding = 4; lastKnownFileType = sourcecode.c.c; path = mztools.c; sourceTree = "<group>"; };
		84C919FC1784255200810B88 /* mztools.h */ = {isa = PBXFileReference; fileEncoding = 4; lastKnownFileType = sourcecode.c.h; path = mztools.h; sourceTree = "<group>"; };
		84C919FD1784255200810B88 /* unzip.c */ = {isa = PBXFileReference; fileEncoding = 4; lastKnownFileType = sourcecode.c.c; path = unzip.c; sourceTree = "<group>"; };
		84C919FE1784255200810B88 /* unzip.h */ = {isa = PBXFileReference; fileEncoding = 4; lastKnownFileType = sourcecode.c.h; path = unzip.h; sourceTree = "<group>"; };
		84C919FF1784255200810B88 /* zip.c */ = {isa = PBXFileReference; fileEncoding = 4; lastKnownFileType = sourcecode.c.c; path = zip.c; sourceTree = "<group>"; };
		84C91A001784255200810B88 /* zip.h */ = {isa = PBXFileReference; fileEncoding = 4; lastKnownFileType = sourcecode.c.h; path = zip.h; sourceTree = "<group>"; };
		84C91A011784255200810B88 /* ZipArchive.h */ = {isa = PBXFileReference; fileEncoding = 4; lastKnownFileType = sourcecode.c.h; path = ZipArchive.h; sourceTree = "<group>"; };
		84C91A021784255200810B88 /* ZipArchive.mm */ = {isa = PBXFileReference; fileEncoding = 4; lastKnownFileType = sourcecode.cpp.objcpp; path = ZipArchive.mm; sourceTree = "<group>"; };
		84C91A0817856C5500810B88 /* MusicFileManager.h */ = {isa = PBXFileReference; fileEncoding = 4; lastKnownFileType = sourcecode.c.h; path = MusicFileManager.h; sourceTree = "<group>"; };
		84C91A0917856C5500810B88 /* MusicFileManager.m */ = {isa = PBXFileReference; fileEncoding = 4; lastKnownFileType = sourcecode.c.objc; path = MusicFileManager.m; sourceTree = "<group>"; };
		84C91A0B178581EF00810B88 /* QuartzCore.framework */ = {isa = PBXFileReference; lastKnownFileType = wrapper.framework; name = QuartzCore.framework; path = System/Library/Frameworks/QuartzCore.framework; sourceTree = SDKROOT; };
/* End PBXFileReference section */

/* Begin PBXFrameworksBuildPhase section */
		84C10BE41782E08D004220BC /* Frameworks */ = {
			isa = PBXFrameworksBuildPhase;
			buildActionMask = 2147483647;
			files = (
				84C91A0C178581EF00810B88 /* QuartzCore.framework in Frameworks */,
				84C919F517841BE100810B88 /* MobileCoreServices.framework in Frameworks */,
				84C919F317841BD600810B88 /* SystemConfiguration.framework in Frameworks */,
				84C919F117841BC600810B88 /* CFNetwork.framework in Frameworks */,
				84C9196E1784173500810B88 /* libz.dylib in Frameworks */,
				84C10BEB1782E08E004220BC /* UIKit.framework in Frameworks */,
				84C10BED1782E08E004220BC /* Foundation.framework in Frameworks */,
				84C10BEF1782E08E004220BC /* CoreGraphics.framework in Frameworks */,
			);
			runOnlyForDeploymentPostprocessing = 0;
		};
/* End PBXFrameworksBuildPhase section */

/* Begin PBXGroup section */
		84C10BDE1782E08D004220BC = {
			isa = PBXGroup;
			children = (
				84C10BF01782E08E004220BC /* 3G Player */,
				84C10BE91782E08D004220BC /* Frameworks */,
				84C10BE81782E08D004220BC /* Products */,
			);
			sourceTree = "<group>";
		};
		84C10BE81782E08D004220BC /* Products */ = {
			isa = PBXGroup;
			children = (
				84C10BE71782E08D004220BC /* 3G Player.app */,
			);
			name = Products;
			sourceTree = "<group>";
		};
		84C10BE91782E08D004220BC /* Frameworks */ = {
			isa = PBXGroup;
			children = (
				84C91A0B178581EF00810B88 /* QuartzCore.framework */,
				84C919F417841BE100810B88 /* MobileCoreServices.framework */,
				84C919F217841BD600810B88 /* SystemConfiguration.framework */,
				84C919F017841BC600810B88 /* CFNetwork.framework */,
				84C9196D1784173400810B88 /* libz.dylib */,
				84C10BEA1782E08D004220BC /* UIKit.framework */,
				84C10BEC1782E08E004220BC /* Foundation.framework */,
				84C10BEE1782E08E004220BC /* CoreGraphics.framework */,
			);
			name = Frameworks;
			sourceTree = "<group>";
		};
		84C10BF01782E08E004220BC /* 3G Player */ = {
			isa = PBXGroup;
			children = (
				84C4CA111785ADA500A95DB9 /* Globals.h */,
				84C4CA121785ADA500A95DB9 /* Globals.m */,
				84C10BF91782E08E004220BC /* AppDelegate.h */,
				84C10BFA1782E08E004220BC /* AppDelegate.m */,
				84C4CA161785ADA500A95DB9 /* PlaylistController.h */,
				84C4CA171785ADA500A95DB9 /* PlaylistController.m */,
				84C4CA181785ADA500A95DB9 /* PlaylistController.xib */,
				84C91A0817856C5500810B88 /* MusicFileManager.h */,
				84C91A0917856C5500810B88 /* MusicFileManager.m */,
				84C10C071782E20A004220BC /* LibraryController.h */,
				84C10C081782E20A004220BC /* LibraryController.m */,
				84C4CA131785ADA500A95DB9 /* LibraryPageController.h */,
				84C4CA141785ADA500A95DB9 /* LibraryPageController.m */,
				84C4CA151785ADA500A95DB9 /* LibraryPageController.xib */,
				84C9196A1784163000810B88 /* LFCGzipUtility.h */,
				84C9196B178416D600810B88 /* LFCGzipUtility.m */,
				84C9196F17841B7C00810B88 /* ASIHTTPRequest */,
				84C10C141782E72F004220BC /* JSONKit */,
				84C919F61784255200810B88 /* ZipArchive */,
				84C10BF11782E08E004220BC /* Supporting Files */,
			);
			path = "3G Player";
			sourceTree = "<group>";
		};
		84C10BF11782E08E004220BC /* Supporting Files */ = {
			isa = PBXGroup;
			children = (
				84C10BF21782E08E004220BC /* 3G Player-Info.plist */,
				84C10BF31782E08E004220BC /* InfoPlist.strings */,
				84C10BF61782E08E004220BC /* main.m */,
				84C10BF81782E08E004220BC /* 3G Player-Prefix.pch */,
				84C10BFC1782E08E004220BC /* Default.png */,
				84C10BFE1782E08E004220BC /* Default@2x.png */,
				84C10C001782E08E004220BC /* Default-568h@2x.png */,
			);
			name = "Supporting Files";
			sourceTree = "<group>";
		};
		84C10C141782E72F004220BC /* JSONKit */ = {
			isa = PBXGroup;
			children = (
				84C10C151782E72F004220BC /* JSONKit.h */,
				84C10C161782E72F004220BC /* JSONKit.m */,
			);
			path = JSONKit;
			sourceTree = "<group>";
		};
		84C9196F17841B7C00810B88 /* ASIHTTPRequest */ = {
			isa = PBXGroup;
			children = (
				84C9197017841B7C00810B88 /* Classes */,
				84C919C317841B7C00810B88 /* External */,
			);
			path = ASIHTTPRequest;
			sourceTree = "<group>";
		};
		84C9197017841B7C00810B88 /* Classes */ = {
			isa = PBXGroup;
			children = (
				84C9197117841B7C00810B88 /* ASIAuthenticationDialog.h */,
				84C9197217841B7C00810B88 /* ASIAuthenticationDialog.m */,
				84C9197317841B7C00810B88 /* ASICacheDelegate.h */,
				84C9197417841B7C00810B88 /* ASIDataCompressor.h */,
				84C9197517841B7C00810B88 /* ASIDataCompressor.m */,
				84C9197617841B7C00810B88 /* ASIDataDecompressor.h */,
				84C9197717841B7C00810B88 /* ASIDataDecompressor.m */,
				84C9197817841B7C00810B88 /* ASIDownloadCache.h */,
				84C9197917841B7C00810B88 /* ASIDownloadCache.m */,
				84C9197A17841B7C00810B88 /* ASIFormDataRequest.h */,
				84C9197B17841B7C00810B88 /* ASIFormDataRequest.m */,
				84C9197C17841B7C00810B88 /* ASIHTTPRequest.h */,
				84C9197D17841B7C00810B88 /* ASIHTTPRequest.m */,
				84C9197E17841B7C00810B88 /* ASIHTTPRequestConfig.h */,
				84C9197F17841B7C00810B88 /* ASIHTTPRequestDelegate.h */,
				84C9198017841B7C00810B88 /* ASIInputStream.h */,
				84C9198117841B7C00810B88 /* ASIInputStream.m */,
				84C9198217841B7C00810B88 /* ASINetworkQueue.h */,
				84C9198317841B7C00810B88 /* ASINetworkQueue.m */,
				84C9198417841B7C00810B88 /* ASIProgressDelegate.h */,
			);
			path = Classes;
			sourceTree = "<group>";
		};
		84C919C317841B7C00810B88 /* External */ = {
			isa = PBXGroup;
			children = (
				84C919C617841B7C00810B88 /* Reachability */,
			);
			path = External;
			sourceTree = "<group>";
		};
		84C919C617841B7C00810B88 /* Reachability */ = {
			isa = PBXGroup;
			children = (
				84C919C717841B7C00810B88 /* Reachability.h */,
				84C919C817841B7C00810B88 /* Reachability.m */,
			);
			path = Reachability;
			sourceTree = "<group>";
		};
		84C919F61784255200810B88 /* ZipArchive */ = {
			isa = PBXGroup;
			children = (
				84C919F71784255200810B88 /* minizip */,
				84C91A011784255200810B88 /* ZipArchive.h */,
				84C91A021784255200810B88 /* ZipArchive.mm */,
			);
			path = ZipArchive;
			sourceTree = "<group>";
		};
		84C919F71784255200810B88 /* minizip */ = {
			isa = PBXGroup;
			children = (
				84C919F81784255200810B88 /* crypt.h */,
				84C919F91784255200810B88 /* ioapi.c */,
				84C919FA1784255200810B88 /* ioapi.h */,
				84C919FB1784255200810B88 /* mztools.c */,
				84C919FC1784255200810B88 /* mztools.h */,
				84C919FD1784255200810B88 /* unzip.c */,
				84C919FE1784255200810B88 /* unzip.h */,
				84C919FF1784255200810B88 /* zip.c */,
				84C91A001784255200810B88 /* zip.h */,
			);
			path = minizip;
			sourceTree = "<group>";
		};
/* End PBXGroup section */

/* Begin PBXNativeTarget section */
		84C10BE61782E08D004220BC /* 3G Player */ = {
			isa = PBXNativeTarget;
			buildConfigurationList = 84C10C041782E08E004220BC /* Build configuration list for PBXNativeTarget "3G Player" */;
			buildPhases = (
				84C10BE31782E08D004220BC /* Sources */,
				84C10BE41782E08D004220BC /* Frameworks */,
				84C10BE51782E08D004220BC /* Resources */,
			);
			buildRules = (
			);
			dependencies = (
			);
			name = "3G Player";
			productName = "3G Player";
			productReference = 84C10BE71782E08D004220BC /* 3G Player.app */;
			productType = "com.apple.product-type.application";
		};
/* End PBXNativeTarget section */

/* Begin PBXProject section */
		84C10BDF1782E08D004220BC /* Project object */ = {
			isa = PBXProject;
			attributes = {
				LastUpgradeCheck = 0460;
				ORGANIZATIONNAME = themylogin;
			};
			buildConfigurationList = 84C10BE21782E08D004220BC /* Build configuration list for PBXProject "3G Player" */;
			compatibilityVersion = "Xcode 3.2";
			developmentRegion = English;
			hasScannedForEncodings = 0;
			knownRegions = (
				en,
			);
			mainGroup = 84C10BDE1782E08D004220BC;
			productRefGroup = 84C10BE81782E08D004220BC /* Products */;
			projectDirPath = "";
			projectRoot = "";
			targets = (
				84C10BE61782E08D004220BC /* 3G Player */,
			);
		};
/* End PBXProject section */

/* Begin PBXResourcesBuildPhase section */
		84C10BE51782E08D004220BC /* Resources */ = {
			isa = PBXResourcesBuildPhase;
			buildActionMask = 2147483647;
			files = (
				84C10BF51782E08E004220BC /* InfoPlist.strings in Resources */,
				84C10BFD1782E08E004220BC /* Default.png in Resources */,
				84C10BFF1782E08E004220BC /* Default@2x.png in Resources */,
				84C10C011782E08E004220BC /* Default-568h@2x.png in Resources */,
				84C4CA1B1785ADA500A95DB9 /* LibraryPageController.xib in Resources */,
				84C4CA1D1785ADA500A95DB9 /* PlaylistController.xib in Resources */,
			);
			runOnlyForDeploymentPostprocessing = 0;
		};
/* End PBXResourcesBuildPhase section */

/* Begin PBXSourcesBuildPhase section */
		84C10BE31782E08D004220BC /* Sources */ = {
			isa = PBXSourcesBuildPhase;
			buildActionMask = 2147483647;
			files = (
				84C10BF71782E08E004220BC /* main.m in Sources */,
				84C10BFB1782E08E004220BC /* AppDelegate.m in Sources */,
				84C10C091782E20A004220BC /* LibraryController.m in Sources */,
				84C10C171782E72F004220BC /* JSONKit.m in Sources */,
				84C9196C178416D600810B88 /* LFCGzipUtility.m in Sources */,
				84C919C917841B7C00810B88 /* ASIAuthenticationDialog.m in Sources */,
				84C919CA17841B7C00810B88 /* ASIDataCompressor.m in Sources */,
				84C919CB17841B7C00810B88 /* ASIDataDecompressor.m in Sources */,
				84C919CC17841B7C00810B88 /* ASIDownloadCache.m in Sources */,
				84C919CD17841B7C00810B88 /* ASIFormDataRequest.m in Sources */,
				84C919CE17841B7C00810B88 /* ASIHTTPRequest.m in Sources */,
				84C919CF17841B7C00810B88 /* ASIInputStream.m in Sources */,
				84C919D017841B7C00810B88 /* ASINetworkQueue.m in Sources */,
				84C919EF17841B7C00810B88 /* Reachability.m in Sources */,
				84C91A031784255200810B88 /* ioapi.c in Sources */,
				84C91A041784255200810B88 /* mztools.c in Sources */,
				84C91A051784255200810B88 /* unzip.c in Sources */,
				84C91A061784255200810B88 /* zip.c in Sources */,
				84C91A071784255200810B88 /* ZipArchive.mm in Sources */,
				84C91A0A17856C5500810B88 /* MusicFileManager.m in Sources */,
				84C4CA191785ADA500A95DB9 /* Globals.m in Sources */,
				84C4CA1A1785ADA500A95DB9 /* LibraryPageController.m in Sources */,
				84C4CA1C1785ADA500A95DB9 /* PlaylistController.m in Sources */,
			);
			runOnlyForDeploymentPostprocessing = 0;
		};
/* End PBXSourcesBuildPhase section */

/* Begin PBXVariantGroup section */
		84C10BF31782E08E004220BC /* InfoPlist.strings */ = {
			isa = PBXVariantGroup;
			children = (
				84C10BF41782E08E004220BC /* en */,
			);
			name = InfoPlist.strings;
			sourceTree = "<group>";
		};
/* End PBXVariantGroup section */

/* Begin XCBuildConfiguration section */
		84C10C021782E08E004220BC /* Debug */ = {
			isa = XCBuildConfiguration;
			buildSettings = {
				ALWAYS_SEARCH_USER_PATHS = NO;
				CLANG_CXX_LANGUAGE_STANDARD = "gnu++0x";
				CLANG_CXX_LIBRARY = "libc++";
				CLANG_WARN_CONSTANT_CONVERSION = YES;
				CLANG_WARN_EMPTY_BODY = YES;
				CLANG_WARN_ENUM_CONVERSION = YES;
				CLANG_WARN_INT_CONVERSION = YES;
				CLANG_WARN__DUPLICATE_METHOD_MATCH = YES;
				"CODE_SIGN_IDENTITY[sdk=iphoneos*]" = "iPhone Developer";
				COPY_PHASE_STRIP = NO;
				GCC_C_LANGUAGE_STANDARD = gnu99;
				GCC_DYNAMIC_NO_PIC = NO;
				GCC_OPTIMIZATION_LEVEL = 0;
				GCC_PREPROCESSOR_DEFINITIONS = (
					"DEBUG=1",
					"$(inherited)",
				);
				GCC_SYMBOLS_PRIVATE_EXTERN = NO;
				GCC_WARN_ABOUT_RETURN_TYPE = YES;
				GCC_WARN_UNINITIALIZED_AUTOS = YES;
				GCC_WARN_UNUSED_VARIABLE = YES;
				IPHONEOS_DEPLOYMENT_TARGET = 6.1;
				ONLY_ACTIVE_ARCH = YES;
				SDKROOT = iphoneos;
				TARGETED_DEVICE_FAMILY = "1,2";
			};
			name = Debug;
		};
		84C10C031782E08E004220BC /* Release */ = {
			isa = XCBuildConfiguration;
			buildSettings = {
				ALWAYS_SEARCH_USER_PATHS = NO;
				CLANG_CXX_LANGUAGE_STANDARD = "gnu++0x";
				CLANG_CXX_LIBRARY = "libc++";
				CLANG_WARN_CONSTANT_CONVERSION = YES;
				CLANG_WARN_EMPTY_BODY = YES;
				CLANG_WARN_ENUM_CONVERSION = YES;
				CLANG_WARN_INT_CONVERSION = YES;
				CLANG_WARN__DUPLICATE_METHOD_MATCH = YES;
				"CODE_SIGN_IDENTITY[sdk=iphoneos*]" = "iPhone Developer";
				COPY_PHASE_STRIP = YES;
				GCC_C_LANGUAGE_STANDARD = gnu99;
				GCC_WARN_ABOUT_RETURN_TYPE = YES;
				GCC_WARN_UNINITIALIZED_AUTOS = YES;
				GCC_WARN_UNUSED_VARIABLE = YES;
				IPHONEOS_DEPLOYMENT_TARGET = 6.1;
				OTHER_CFLAGS = "-DNS_BLOCK_ASSERTIONS=1";
				SDKROOT = iphoneos;
				TARGETED_DEVICE_FAMILY = "1,2";
				VALIDATE_PRODUCT = YES;
			};
			name = Release;
		};
		84C10C051782E08E004220BC /* Debug */ = {
			isa = XCBuildConfiguration;
			buildSettings = {
				GCC_PRECOMPILE_PREFIX_HEADER = YES;
				GCC_PREFIX_HEADER = "3G Player/3G Player-Prefix.pch";
				INFOPLIST_FILE = "3G Player/3G Player-Info.plist";
				PRODUCT_NAME = "$(TARGET_NAME)";
				WRAPPER_EXTENSION = app;
			};
			name = Debug;
		};
		84C10C061782E08E004220BC /* Release */ = {
			isa = XCBuildConfiguration;
			buildSettings = {
				GCC_PRECOMPILE_PREFIX_HEADER = YES;
				GCC_PREFIX_HEADER = "3G Player/3G Player-Prefix.pch";
				INFOPLIST_FILE = "3G Player/3G Player-Info.plist";
				PRODUCT_NAME = "$(TARGET_NAME)";
				WRAPPER_EXTENSION = app;
			};
			name = Release;
		};
/* End XCBuildConfiguration section */

/* Begin XCConfigurationList section */
		84C10BE21782E08D004220BC /* Build configuration list for PBXProject "3G Player" */ = {
			isa = XCConfigurationList;
			buildConfigurations = (
				84C10C021782E08E004220BC /* Debug */,
				84C10C031782E08E004220BC /* Release */,
			);
			defaultConfigurationIsVisible = 0;
			defaultConfigurationName = Release;
		};
		84C10C041782E08E004220BC /* Build configuration list for PBXNativeTarget "3G Player" */ = {
			isa = XCConfigurationList;
			buildConfigurations = (
				84C10C051782E08E004220BC /* Debug */,
				84C10C061782E08E004220BC /* Release */,
			);
			defaultConfigurationIsVisible = 0;
			defaultConfigurationName = Release;
		};
/* End XCConfigurationList section */
	};
	rootObject = 84C10BDF1782E08D004220BC /* Project object */;
}
